// !$*UTF8*$!
{
	archiveVersion = 1;
	classes = {
	};
	objectVersion = 46;
	objects = {

/* Begin PBXBuildFile section */
		3E10E1C61BC448C4008B9296 /* NSString+MD5.m in Sources */ = {isa = PBXBuildFile; fileRef = 3E10E1C51BC448C4008B9296 /* NSString+MD5.m */; settings = {COMPILER_FLAGS = "-fno-objc-arc"; }; };
		3E43FA4A1BC40F6B0021AE81 /* ICSStyleGuide.m in Sources */ = {isa = PBXBuildFile; fileRef = 3E43FA481BC40F6B0021AE81 /* ICSStyleGuide.m */; };
		3E43FA4D1BC410340021AE81 /* ICSDataManager.m in Sources */ = {isa = PBXBuildFile; fileRef = 3E43FA4C1BC410340021AE81 /* ICSDataManager.m */; };
		3E43FA501BC410630021AE81 /* ICSUtilities.m in Sources */ = {isa = PBXBuildFile; fileRef = 3E43FA4F1BC410630021AE81 /* ICSUtilities.m */; };
		3E43FA551BC4108E0021AE81 /* Reachability.m in Sources */ = {isa = PBXBuildFile; fileRef = 3E43FA541BC4108E0021AE81 /* Reachability.m */; settings = {COMPILER_FLAGS = "-fno-objc-arc"; }; };
		3E43FA5C1BC413AD0021AE81 /* VolunteerSignUpViewController.m in Sources */ = {isa = PBXBuildFile; fileRef = 3E43FA5B1BC413AD0021AE81 /* VolunteerSignUpViewController.m */; };
		3E61D82D1BE60FB1005A5B3C /* AllowAccessViewController.m in Sources */ = {isa = PBXBuildFile; fileRef = 3E61D82C1BE60FB1005A5B3C /* AllowAccessViewController.m */; };
		3E64A5781BDEA67C0008FFD5 /* OnboardingViewController.m in Sources */ = {isa = PBXBuildFile; fileRef = 3E64A5771BDEA67C0008FFD5 /* OnboardingViewController.m */; };
		3E64A57B1BDEA9160008FFD5 /* PatientRegistrationViewController.m in Sources */ = {isa = PBXBuildFile; fileRef = 3E64A57A1BDEA9160008FFD5 /* PatientRegistrationViewController.m */; };
		3EACD9CF1BA9D053003E4540 /* main.m in Sources */ = {isa = PBXBuildFile; fileRef = 3EACD9CE1BA9D053003E4540 /* main.m */; };
		3EACD9D21BA9D053003E4540 /* AppDelegate.m in Sources */ = {isa = PBXBuildFile; fileRef = 3EACD9D11BA9D053003E4540 /* AppDelegate.m */; };
		3EACD9DD1BA9D053003E4540 /* LaunchScreen.xib in Resources */ = {isa = PBXBuildFile; fileRef = 3EACD9DB1BA9D053003E4540 /* LaunchScreen.xib */; };
		3EACD9E91BA9D053003E4540 /* ICSTests.m in Sources */ = {isa = PBXBuildFile; fileRef = 3EACD9E81BA9D053003E4540 /* ICSTests.m */; };
		3EBFA3301BDEB626005B6AF4 /* DiagnosePictureViewController.m in Sources */ = {isa = PBXBuildFile; fileRef = 3EBFA32F1BDEB626005B6AF4 /* DiagnosePictureViewController.m */; };
		3EBFA3351BDEBD2B005B6AF4 /* DiagnosisPhoto.m in Sources */ = {isa = PBXBuildFile; fileRef = 3EBFA3341BDEBD2B005B6AF4 /* DiagnosisPhoto.m */; };
		3EBFA33E1BDF530C005B6AF4 /* libz.tbd in Frameworks */ = {isa = PBXBuildFile; fileRef = 3EBFA33D1BDF530C005B6AF4 /* libz.tbd */; };
		3EBFA3401BDF5359005B6AF4 /* tessdata in Resources */ = {isa = PBXBuildFile; fileRef = 3EBFA33F1BDF5359005B6AF4 /* tessdata */; };
		3EBFA3431BDF53B3005B6AF4 /* ScanIDProofViewController.m in Sources */ = {isa = PBXBuildFile; fileRef = 3EBFA3421BDF53B3005B6AF4 /* ScanIDProofViewController.m */; };
		3EBFA34B1BDF576D005B6AF4 /* AAPLCameraViewController.m in Sources */ = {isa = PBXBuildFile; fileRef = 3EBFA3481BDF576D005B6AF4 /* AAPLCameraViewController.m */; };
		3EBFA34C1BDF576D005B6AF4 /* AAPLPreviewView.m in Sources */ = {isa = PBXBuildFile; fileRef = 3EBFA34A1BDF576D005B6AF4 /* AAPLPreviewView.m */; };
		3EBFA34F1BDF6DEC005B6AF4 /* WalkthroughViewController.m in Sources */ = {isa = PBXBuildFile; fileRef = 3EBFA34E1BDF6DEC005B6AF4 /* WalkthroughViewController.m */; };
		4A04605A1BDE2C57005BCA2C /* libPods-JVFloatLabeledTextField.a in Frameworks */ = {isa = PBXBuildFile; fileRef = 4A0460591BDE2C57005BCA2C /* libPods-JVFloatLabeledTextField.a */; };
		4A04605F1BDE3DBE005BCA2C /* Volunteer+CoreDataProperties.m in Sources */ = {isa = PBXBuildFile; fileRef = 4A04605C1BDE3DBE005BCA2C /* Volunteer+CoreDataProperties.m */; settings = {ASSET_TAGS = (); }; };
		4A0460601BDE3DBE005BCA2C /* Volunteer.m in Sources */ = {isa = PBXBuildFile; fileRef = 4A04605E1BDE3DBE005BCA2C /* Volunteer.m */; settings = {ASSET_TAGS = (); }; };
		4A0460631BDE9E32005BCA2C /* LoginSignUp.storyboard in Resources */ = {isa = PBXBuildFile; fileRef = 4A0460611BDE9E32005BCA2C /* LoginSignUp.storyboard */; settings = {ASSET_TAGS = (); }; };
		4A07C9991BE3824500E1CB5F /* NSDate+ICSFormattedString.m in Sources */ = {isa = PBXBuildFile; fileRef = 4A07C9981BE3824500E1CB5F /* NSDate+ICSFormattedString.m */; settings = {ASSET_TAGS = (); }; };
		4A23A3941BE5DA2A00620BD9 /* QuestionOptions+CoreDataProperties.m in Sources */ = {isa = PBXBuildFile; fileRef = 4A23A38F1BE5DA2A00620BD9 /* QuestionOptions+CoreDataProperties.m */; settings = {ASSET_TAGS = (); }; };
		4A23A3951BE5DA2A00620BD9 /* QuestionOptions.m in Sources */ = {isa = PBXBuildFile; fileRef = 4A23A3911BE5DA2A00620BD9 /* QuestionOptions.m */; settings = {ASSET_TAGS = (); }; };
		4A6E56031BDCB94800E72EBD /* ICSFloatLabeledTextFieldCell.m in Sources */ = {isa = PBXBuildFile; fileRef = 4A6E56021BDCB94800E72EBD /* ICSFloatLabeledTextFieldCell.m */; settings = {ASSET_TAGS = (); }; };
		4A71C4DD1BE628BF003C8BE9 /* Patient+CoreDataProperties.m in Sources */ = {isa = PBXBuildFile; fileRef = 4A71C4DB1BE628BF003C8BE9 /* Patient+CoreDataProperties.m */; settings = {ASSET_TAGS = (); }; };
		4A71C4E11BE62994003C8BE9 /* Patient.m in Sources */ = {isa = PBXBuildFile; fileRef = 4A71C4E01BE62994003C8BE9 /* Patient.m */; settings = {ASSET_TAGS = (); }; };
		4A763D331BE68CFD00C71529 /* DoctorsListViewController.m in Sources */ = {isa = PBXBuildFile; fileRef = 4A763D321BE68CFD00C71529 /* DoctorsListViewController.m */; settings = {ASSET_TAGS = (); }; };
		4AA604C21BE53CD300E501D8 /* QuestionsJasonData.json in Resources */ = {isa = PBXBuildFile; fileRef = 4AA604C11BE53CD300E501D8 /* QuestionsJasonData.json */; settings = {ASSET_TAGS = (); }; };
		4AAF71181BE207AA00D9868F /* KeychainWrapper.m in Sources */ = {isa = PBXBuildFile; fileRef = 4AAF71171BE207AA00D9868F /* KeychainWrapper.m */; settings = {ASSET_TAGS = (); }; };
		4AAF711C1BE237B700D9868F /* ICSEntranceViewController.m in Sources */ = {isa = PBXBuildFile; fileRef = 4AAF711B1BE237B700D9868F /* ICSEntranceViewController.m */; settings = {ASSET_TAGS = (); }; };
		4AAF711F1BE28B1400D9868F /* UIView+ICSAdditions.m in Sources */ = {isa = PBXBuildFile; fileRef = 4AAF711E1BE28B1400D9868F /* UIView+ICSAdditions.m */; settings = {ASSET_TAGS = (); }; };
		4AC6E2D31BE0F5C6007D9F1D /* ICSMain.storyboard in Resources */ = {isa = PBXBuildFile; fileRef = 4AC6E2D11BE0F5C6007D9F1D /* ICSMain.storyboard */; settings = {ASSET_TAGS = (); }; };
		4AC6E2E11BE140F3007D9F1D /* Main.storyboard in Resources */ = {isa = PBXBuildFile; fileRef = 4AC6E2E01BE140F3007D9F1D /* Main.storyboard */; settings = {ASSET_TAGS = (); }; };
		4ACF7C721BDA371E00FFE3B3 /* RegisterVolunteerViewController.m in Sources */ = {isa = PBXBuildFile; fileRef = 4ACF7C711BDA371E00FFE3B3 /* RegisterVolunteerViewController.m */; settings = {ASSET_TAGS = (); }; };
		4AFB6ACF1BE4D413008AE13A /* PatientInformationViewController.m in Sources */ = {isa = PBXBuildFile; fileRef = 4AFB6ACE1BE4D413008AE13A /* PatientInformationViewController.m */; settings = {ASSET_TAGS = (); }; };
		DDE48E7F0DAE62D7C1126C6C /* libPods.a in Frameworks */ = {isa = PBXBuildFile; fileRef = 994084B95641F268B490CD7C /* libPods.a */; };
		FA02CB601BC526C100421EAA /* PhotoViewController.m in Sources */ = {isa = PBXBuildFile; fileRef = FA02CB5F1BC526C100421EAA /* PhotoViewController.m */; };
		FA1ACCEA1BD26D60001632BC /* SystemConfiguration.framework in Frameworks */ = {isa = PBXBuildFile; fileRef = FA1ACCE91BD26D60001632BC /* SystemConfiguration.framework */; };
		FA1ACCEC1BD26D67001632BC /* MobileCoreServices.framework in Frameworks */ = {isa = PBXBuildFile; fileRef = FA1ACCEB1BD26D67001632BC /* MobileCoreServices.framework */; };
		FA1ACCF01BD27064001632BC /* APIInterface.m in Sources */ = {isa = PBXBuildFile; fileRef = FA1ACCEF1BD27064001632BC /* APIInterface.m */; settings = {ASSET_TAGS = (); }; };
		FA1ACCF61BD29F13001632BC /* ICSAPIError.m in Sources */ = {isa = PBXBuildFile; fileRef = FA1ACCF51BD29F13001632BC /* ICSAPIError.m */; settings = {ASSET_TAGS = (); }; };
		FA1ACCF91BD2AEDC001632BC /* EventDetailTableViewCell.m in Sources */ = {isa = PBXBuildFile; fileRef = FA1ACCF81BD2AEDC001632BC /* EventDetailTableViewCell.m */; settings = {ASSET_TAGS = (); }; };
		FA1ACCFD1BD2B12F001632BC /* ICSPatientsListViewController.m in Sources */ = {isa = PBXBuildFile; fileRef = FA1ACCFC1BD2B12F001632BC /* ICSPatientsListViewController.m */; settings = {ASSET_TAGS = (); }; };
		FA1ACD001BD2B245001632BC /* PatientsDetailTableViewCell.m in Sources */ = {isa = PBXBuildFile; fileRef = FA1ACCFF1BD2B245001632BC /* PatientsDetailTableViewCell.m */; settings = {ASSET_TAGS = (); }; };
		FA1ACD091BD2B34E001632BC /* DoctorInformationCell.m in Sources */ = {isa = PBXBuildFile; fileRef = FA1ACD011BD2B34E001632BC /* DoctorInformationCell.m */; settings = {ASSET_TAGS = (); }; };
		FA1ACD0A1BD2B34E001632BC /* ICSCustomRowDescriptor.m in Sources */ = {isa = PBXBuildFile; fileRef = FA1ACD021BD2B34E001632BC /* ICSCustomRowDescriptor.m */; settings = {ASSET_TAGS = (); }; };
		FA1ACD0B1BD2B34E001632BC /* CustomFormButtonCell.xib in Resources */ = {isa = PBXBuildFile; fileRef = FA1ACD051BD2B34E001632BC /* CustomFormButtonCell.xib */; settings = {ASSET_TAGS = (); }; };
		FA1ACD0C1BD2B34E001632BC /* CustomFormButtonCell.m in Sources */ = {isa = PBXBuildFile; fileRef = FA1ACD061BD2B34E001632BC /* CustomFormButtonCell.m */; settings = {ASSET_TAGS = (); }; };
		FA1ACD121BD2B3A0001632BC /* ICSDataSource.m in Sources */ = {isa = PBXBuildFile; fileRef = FA1ACD111BD2B3A0001632BC /* ICSDataSource.m */; settings = {ASSET_TAGS = (); }; };
		FA1ACD171BD2B3AD001632BC /* ICSModel.xcdatamodeld in Sources */ = {isa = PBXBuildFile; fileRef = FA1ACD131BD2B3AD001632BC /* ICSModel.xcdatamodeld */; settings = {ASSET_TAGS = (); }; };
		FA1ACD181BD2B3AD001632BC /* SharedModel.m in Sources */ = {isa = PBXBuildFile; fileRef = FA1ACD161BD2B3AD001632BC /* SharedModel.m */; settings = {ASSET_TAGS = (); }; };
		FA1ACD1B1BD2B3BB001632BC /* RatingView.m in Sources */ = {isa = PBXBuildFile; fileRef = FA1ACD1A1BD2B3BB001632BC /* RatingView.m */; settings = {ASSET_TAGS = (); }; };
		FA1ACD1E1BD2BF26001632BC /* Event+CoreDataProperties.m in Sources */ = {isa = PBXBuildFile; fileRef = FA1ACD1D1BD2BF26001632BC /* Event+CoreDataProperties.m */; settings = {ASSET_TAGS = (); }; };
		FA55FE081BCE4463004BCD2F /* DiagnosisFormViewController.m in Sources */ = {isa = PBXBuildFile; fileRef = FA55FE071BCE4463004BCD2F /* DiagnosisFormViewController.m */; settings = {ASSET_TAGS = (); }; };
		FA5853331BD79FEF0037EEC5 /* Form+CoreDataProperties.m in Sources */ = {isa = PBXBuildFile; fileRef = FA58532C1BD79FEF0037EEC5 /* Form+CoreDataProperties.m */; settings = {ASSET_TAGS = (); }; };
		FA5853341BD79FEF0037EEC5 /* Form.m in Sources */ = {isa = PBXBuildFile; fileRef = FA58532E1BD79FEF0037EEC5 /* Form.m */; settings = {ASSET_TAGS = (); }; };
		FA5853351BD79FEF0037EEC5 /* Cancer+CoreDataProperties.m in Sources */ = {isa = PBXBuildFile; fileRef = FA5853301BD79FEF0037EEC5 /* Cancer+CoreDataProperties.m */; settings = {ASSET_TAGS = (); }; };
		FA5853361BD79FEF0037EEC5 /* Cancer.m in Sources */ = {isa = PBXBuildFile; fileRef = FA5853321BD79FEF0037EEC5 /* Cancer.m */; settings = {ASSET_TAGS = (); }; };
		FAA103F91BC64AEA00C6CEFC /* FullImageContainerView.m in Sources */ = {isa = PBXBuildFile; fileRef = FAA103F81BC64AEA00C6CEFC /* FullImageContainerView.m */; settings = {ASSET_TAGS = (); }; };
		FAC9C94D1BD7BB14003FFA44 /* libPods-MBProgressHUD.a in Frameworks */ = {isa = PBXBuildFile; fileRef = FAC9C94C1BD7BB14003FFA44 /* libPods-MBProgressHUD.a */; };
		FAD8E0831BD166D00010E975 /* ICSHomeViewController.m in Sources */ = {isa = PBXBuildFile; fileRef = FAD8E0821BD166D00010E975 /* ICSHomeViewController.m */; settings = {ASSET_TAGS = (); }; };
		FAD8E0901BD16B040010E975 /* Event.m in Sources */ = {isa = PBXBuildFile; fileRef = FAD8E08E1BD16B040010E975 /* Event.m */; settings = {ASSET_TAGS = (); }; };
		FAD8E0951BD16C190010E975 /* Question+CoreDataProperties.m in Sources */ = {isa = PBXBuildFile; fileRef = FAD8E0921BD16C190010E975 /* Question+CoreDataProperties.m */; settings = {ASSET_TAGS = (); }; };
		FAD8E0961BD16C190010E975 /* Question.m in Sources */ = {isa = PBXBuildFile; fileRef = FAD8E0941BD16C190010E975 /* Question.m */; settings = {ASSET_TAGS = (); }; };
		FAD8E09F1BD16DC20010E975 /* Doctor+CoreDataProperties.m in Sources */ = {isa = PBXBuildFile; fileRef = FAD8E0981BD16DC20010E975 /* Doctor+CoreDataProperties.m */; settings = {ASSET_TAGS = (); }; };
		FAD8E0A01BD16DC20010E975 /* Doctor.m in Sources */ = {isa = PBXBuildFile; fileRef = FAD8E09A1BD16DC20010E975 /* Doctor.m */; settings = {ASSET_TAGS = (); }; };
		FAECE1161BD258B300A6BFED /* libRestKit.a in Frameworks */ = {isa = PBXBuildFile; fileRef = FAECE10F1BD2588D00A6BFED /* libRestKit.a */; };
		FAECE1181BD259A400A6BFED /* CoreData.framework in Frameworks */ = {isa = PBXBuildFile; fileRef = FAECE1171BD259A400A6BFED /* CoreData.framework */; };
		FAECE11A1BD259AA00A6BFED /* Security.framework in Frameworks */ = {isa = PBXBuildFile; fileRef = FAECE1191BD259AA00A6BFED /* Security.framework */; };
		FAECE11C1BD259AF00A6BFED /* CFNetwork.framework in Frameworks */ = {isa = PBXBuildFile; fileRef = FAECE11B1BD259AF00A6BFED /* CFNetwork.framework */; };
		FAFAAEB71BC681A30053E659 /* Images.xcassets in Resources */ = {isa = PBXBuildFile; fileRef = FAFAAEB61BC681A30053E659 /* Images.xcassets */; };
		FAFAAEBD1BC683210053E659 /* FullImageContainerView.xib in Resources */ = {isa = PBXBuildFile; fileRef = FAFAAEBC1BC683210053E659 /* FullImageContainerView.xib */; };
		FAFFC9F51BDA20E6001DD25B /* LoginViewController.m in Sources */ = {isa = PBXBuildFile; fileRef = FAFFC9F41BDA20E6001DD25B /* LoginViewController.m */; };
/* End PBXBuildFile section */

/* Begin PBXContainerItemProxy section */
		3EACD9E31BA9D053003E4540 /* PBXContainerItemProxy */ = {
			isa = PBXContainerItemProxy;
			containerPortal = 3EACD9C11BA9D053003E4540 /* Project object */;
			proxyType = 1;
			remoteGlobalIDString = 3EACD9C81BA9D053003E4540;
			remoteInfo = ICS;
		};
		FAECE10E1BD2588D00A6BFED /* PBXContainerItemProxy */ = {
			isa = PBXContainerItemProxy;
			containerPortal = FAECE1071BD2588D00A6BFED /* RestKit.xcodeproj */;
			proxyType = 2;
			remoteGlobalIDString = 25160D1614564E810060A5C5;
			remoteInfo = RestKit;
		};
		FAECE1101BD2588D00A6BFED /* PBXContainerItemProxy */ = {
			isa = PBXContainerItemProxy;
			containerPortal = FAECE1071BD2588D00A6BFED /* RestKit.xcodeproj */;
			proxyType = 2;
			remoteGlobalIDString = 25160D2614564E820060A5C5;
			remoteInfo = RestKitTests;
		};
		FAECE1121BD2588D00A6BFED /* PBXContainerItemProxy */ = {
			isa = PBXContainerItemProxy;
			containerPortal = FAECE1071BD2588D00A6BFED /* RestKit.xcodeproj */;
			proxyType = 2;
			remoteGlobalIDString = 25160E62145651060060A5C5;
			remoteInfo = RestKitFramework;
		};
		FAECE1141BD2588D00A6BFED /* PBXContainerItemProxy */ = {
			isa = PBXContainerItemProxy;
			containerPortal = FAECE1071BD2588D00A6BFED /* RestKit.xcodeproj */;
			proxyType = 2;
			remoteGlobalIDString = 25160E78145651060060A5C5;
			remoteInfo = RestKitFrameworkTests;
		};
/* End PBXContainerItemProxy section */

/* Begin PBXFileReference section */
		3C4ED20F431993D569F26029 /* Pods.release.xcconfig */ = {isa = PBXFileReference; includeInIndex = 1; lastKnownFileType = text.xcconfig; name = Pods.release.xcconfig; path = "Pods/Target Support Files/Pods/Pods.release.xcconfig"; sourceTree = "<group>"; };
		3E10E1C41BC448C4008B9296 /* NSString+MD5.h */ = {isa = PBXFileReference; fileEncoding = 4; lastKnownFileType = sourcecode.c.h; path = "NSString+MD5.h"; sourceTree = "<group>"; };
		3E10E1C51BC448C4008B9296 /* NSString+MD5.m */ = {isa = PBXFileReference; fileEncoding = 4; lastKnownFileType = sourcecode.c.objc; path = "NSString+MD5.m"; sourceTree = "<group>"; };
		3E43FA471BC40F6B0021AE81 /* ICSStyleGuide.h */ = {isa = PBXFileReference; fileEncoding = 4; lastKnownFileType = sourcecode.c.h; path = ICSStyleGuide.h; sourceTree = "<group>"; };
		3E43FA481BC40F6B0021AE81 /* ICSStyleGuide.m */ = {isa = PBXFileReference; fileEncoding = 4; lastKnownFileType = sourcecode.c.objc; path = ICSStyleGuide.m; sourceTree = "<group>"; };
		3E43FA4B1BC410340021AE81 /* ICSDataManager.h */ = {isa = PBXFileReference; fileEncoding = 4; lastKnownFileType = sourcecode.c.h; path = ICSDataManager.h; sourceTree = "<group>"; };
		3E43FA4C1BC410340021AE81 /* ICSDataManager.m */ = {isa = PBXFileReference; fileEncoding = 4; lastKnownFileType = sourcecode.c.objc; path = ICSDataManager.m; sourceTree = "<group>"; };
		3E43FA4E1BC410630021AE81 /* ICSUtilities.h */ = {isa = PBXFileReference; fileEncoding = 4; lastKnownFileType = sourcecode.c.h; path = ICSUtilities.h; sourceTree = "<group>"; };
		3E43FA4F1BC410630021AE81 /* ICSUtilities.m */ = {isa = PBXFileReference; fileEncoding = 4; lastKnownFileType = sourcecode.c.objc; path = ICSUtilities.m; sourceTree = "<group>"; };
		3E43FA531BC4108E0021AE81 /* Reachability.h */ = {isa = PBXFileReference; fileEncoding = 4; lastKnownFileType = sourcecode.c.h; path = Reachability.h; sourceTree = "<group>"; };
		3E43FA541BC4108E0021AE81 /* Reachability.m */ = {isa = PBXFileReference; fileEncoding = 4; lastKnownFileType = sourcecode.c.objc; path = Reachability.m; sourceTree = "<group>"; };
		3E43FA5A1BC413AD0021AE81 /* VolunteerSignUpViewController.h */ = {isa = PBXFileReference; fileEncoding = 4; lastKnownFileType = sourcecode.c.h; path = VolunteerSignUpViewController.h; sourceTree = "<group>"; };
		3E43FA5B1BC413AD0021AE81 /* VolunteerSignUpViewController.m */ = {isa = PBXFileReference; fileEncoding = 4; lastKnownFileType = sourcecode.c.objc; path = VolunteerSignUpViewController.m; sourceTree = "<group>"; };
		3E61D82B1BE60FB1005A5B3C /* AllowAccessViewController.h */ = {isa = PBXFileReference; fileEncoding = 4; lastKnownFileType = sourcecode.c.h; path = AllowAccessViewController.h; sourceTree = "<group>"; };
		3E61D82C1BE60FB1005A5B3C /* AllowAccessViewController.m */ = {isa = PBXFileReference; fileEncoding = 4; lastKnownFileType = sourcecode.c.objc; path = AllowAccessViewController.m; sourceTree = "<group>"; };
		3E64A5761BDEA67C0008FFD5 /* OnboardingViewController.h */ = {isa = PBXFileReference; fileEncoding = 4; lastKnownFileType = sourcecode.c.h; path = OnboardingViewController.h; sourceTree = "<group>"; };
		3E64A5771BDEA67C0008FFD5 /* OnboardingViewController.m */ = {isa = PBXFileReference; fileEncoding = 4; lastKnownFileType = sourcecode.c.objc; path = OnboardingViewController.m; sourceTree = "<group>"; };
		3E64A5791BDEA9160008FFD5 /* PatientRegistrationViewController.h */ = {isa = PBXFileReference; fileEncoding = 4; lastKnownFileType = sourcecode.c.h; path = PatientRegistrationViewController.h; sourceTree = "<group>"; };
		3E64A57A1BDEA9160008FFD5 /* PatientRegistrationViewController.m */ = {isa = PBXFileReference; fileEncoding = 4; lastKnownFileType = sourcecode.c.objc; path = PatientRegistrationViewController.m; sourceTree = "<group>"; };
		3EACD9C91BA9D053003E4540 /* ICS.app */ = {isa = PBXFileReference; explicitFileType = wrapper.application; includeInIndex = 0; path = ICS.app; sourceTree = BUILT_PRODUCTS_DIR; };
		3EACD9CD1BA9D053003E4540 /* Info.plist */ = {isa = PBXFileReference; lastKnownFileType = text.plist.xml; path = Info.plist; sourceTree = "<group>"; };
		3EACD9CE1BA9D053003E4540 /* main.m */ = {isa = PBXFileReference; lastKnownFileType = sourcecode.c.objc; path = main.m; sourceTree = "<group>"; };
		3EACD9D01BA9D053003E4540 /* AppDelegate.h */ = {isa = PBXFileReference; lastKnownFileType = sourcecode.c.h; path = AppDelegate.h; sourceTree = "<group>"; };
		3EACD9D11BA9D053003E4540 /* AppDelegate.m */ = {isa = PBXFileReference; lastKnownFileType = sourcecode.c.objc; path = AppDelegate.m; sourceTree = "<group>"; };
		3EACD9DC1BA9D053003E4540 /* Base */ = {isa = PBXFileReference; lastKnownFileType = file.xib; name = Base; path = Base.lproj/LaunchScreen.xib; sourceTree = "<group>"; };
		3EACD9E21BA9D053003E4540 /* ICSTests.xctest */ = {isa = PBXFileReference; explicitFileType = wrapper.cfbundle; includeInIndex = 0; path = ICSTests.xctest; sourceTree = BUILT_PRODUCTS_DIR; };
		3EACD9E71BA9D053003E4540 /* Info.plist */ = {isa = PBXFileReference; lastKnownFileType = text.plist.xml; path = Info.plist; sourceTree = "<group>"; };
		3EACD9E81BA9D053003E4540 /* ICSTests.m */ = {isa = PBXFileReference; lastKnownFileType = sourcecode.c.objc; path = ICSTests.m; sourceTree = "<group>"; };
		3EBFA32E1BDEB626005B6AF4 /* DiagnosePictureViewController.h */ = {isa = PBXFileReference; fileEncoding = 4; lastKnownFileType = sourcecode.c.h; path = DiagnosePictureViewController.h; sourceTree = "<group>"; };
		3EBFA32F1BDEB626005B6AF4 /* DiagnosePictureViewController.m */ = {isa = PBXFileReference; fileEncoding = 4; lastKnownFileType = sourcecode.c.objc; path = DiagnosePictureViewController.m; sourceTree = "<group>"; };
		3EBFA3331BDEBD2B005B6AF4 /* DiagnosisPhoto.h */ = {isa = PBXFileReference; fileEncoding = 4; lastKnownFileType = sourcecode.c.h; path = DiagnosisPhoto.h; sourceTree = "<group>"; };
		3EBFA3341BDEBD2B005B6AF4 /* DiagnosisPhoto.m */ = {isa = PBXFileReference; fileEncoding = 4; lastKnownFileType = sourcecode.c.objc; path = DiagnosisPhoto.m; sourceTree = "<group>"; };
		3EBFA33D1BDF530C005B6AF4 /* libz.tbd */ = {isa = PBXFileReference; lastKnownFileType = "sourcecode.text-based-dylib-definition"; name = libz.tbd; path = usr/lib/libz.tbd; sourceTree = SDKROOT; };
		3EBFA33F1BDF5359005B6AF4 /* tessdata */ = {isa = PBXFileReference; lastKnownFileType = folder; path = tessdata; sourceTree = SOURCE_ROOT; };
		3EBFA3411BDF53B3005B6AF4 /* ScanIDProofViewController.h */ = {isa = PBXFileReference; fileEncoding = 4; lastKnownFileType = sourcecode.c.h; path = ScanIDProofViewController.h; sourceTree = "<group>"; };
		3EBFA3421BDF53B3005B6AF4 /* ScanIDProofViewController.m */ = {isa = PBXFileReference; fileEncoding = 4; lastKnownFileType = sourcecode.c.objc; path = ScanIDProofViewController.m; sourceTree = "<group>"; };
		3EBFA3471BDF576D005B6AF4 /* AAPLCameraViewController.h */ = {isa = PBXFileReference; fileEncoding = 4; lastKnownFileType = sourcecode.c.h; path = AAPLCameraViewController.h; sourceTree = "<group>"; };
		3EBFA3481BDF576D005B6AF4 /* AAPLCameraViewController.m */ = {isa = PBXFileReference; fileEncoding = 4; lastKnownFileType = sourcecode.c.objc; path = AAPLCameraViewController.m; sourceTree = "<group>"; };
		3EBFA3491BDF576D005B6AF4 /* AAPLPreviewView.h */ = {isa = PBXFileReference; fileEncoding = 4; lastKnownFileType = sourcecode.c.h; path = AAPLPreviewView.h; sourceTree = "<group>"; };
		3EBFA34A1BDF576D005B6AF4 /* AAPLPreviewView.m */ = {isa = PBXFileReference; fileEncoding = 4; lastKnownFileType = sourcecode.c.objc; path = AAPLPreviewView.m; sourceTree = "<group>"; };
		3EBFA34D1BDF6DEC005B6AF4 /* WalkthroughViewController.h */ = {isa = PBXFileReference; fileEncoding = 4; lastKnownFileType = sourcecode.c.h; path = WalkthroughViewController.h; sourceTree = "<group>"; };
		3EBFA34E1BDF6DEC005B6AF4 /* WalkthroughViewController.m */ = {isa = PBXFileReference; fileEncoding = 4; lastKnownFileType = sourcecode.c.objc; path = WalkthroughViewController.m; sourceTree = "<group>"; };
		4A0460591BDE2C57005BCA2C /* libPods-JVFloatLabeledTextField.a */ = {isa = PBXFileReference; lastKnownFileType = archive.ar; name = "libPods-JVFloatLabeledTextField.a"; path = "Pods/build/Debug-iphoneos/libPods-JVFloatLabeledTextField.a"; sourceTree = "<group>"; };
		4A04605B1BDE3DBE005BCA2C /* Volunteer+CoreDataProperties.h */ = {isa = PBXFileReference; fileEncoding = 4; lastKnownFileType = sourcecode.c.h; name = "Volunteer+CoreDataProperties.h"; path = "Model/Entities/Volunteer+CoreDataProperties.h"; sourceTree = "<group>"; };
		4A04605C1BDE3DBE005BCA2C /* Volunteer+CoreDataProperties.m */ = {isa = PBXFileReference; fileEncoding = 4; lastKnownFileType = sourcecode.c.objc; name = "Volunteer+CoreDataProperties.m"; path = "Model/Entities/Volunteer+CoreDataProperties.m"; sourceTree = "<group>"; };
		4A04605D1BDE3DBE005BCA2C /* Volunteer.h */ = {isa = PBXFileReference; fileEncoding = 4; lastKnownFileType = sourcecode.c.h; name = Volunteer.h; path = Model/Entities/Volunteer.h; sourceTree = "<group>"; };
		4A04605E1BDE3DBE005BCA2C /* Volunteer.m */ = {isa = PBXFileReference; fileEncoding = 4; lastKnownFileType = sourcecode.c.objc; name = Volunteer.m; path = Model/Entities/Volunteer.m; sourceTree = "<group>"; };
		4A0460621BDE9E32005BCA2C /* Base */ = {isa = PBXFileReference; lastKnownFileType = file.storyboard; name = Base; path = Base.lproj/LoginSignUp.storyboard; sourceTree = "<group>"; };
		4A07C9971BE3824500E1CB5F /* NSDate+ICSFormattedString.h */ = {isa = PBXFileReference; fileEncoding = 4; lastKnownFileType = sourcecode.c.h; path = "NSDate+ICSFormattedString.h"; sourceTree = "<group>"; };
		4A07C9981BE3824500E1CB5F /* NSDate+ICSFormattedString.m */ = {isa = PBXFileReference; fileEncoding = 4; lastKnownFileType = sourcecode.c.objc; path = "NSDate+ICSFormattedString.m"; sourceTree = "<group>"; };
		4A23A38E1BE5DA2A00620BD9 /* QuestionOptions+CoreDataProperties.h */ = {isa = PBXFileReference; fileEncoding = 4; lastKnownFileType = sourcecode.c.h; name = "QuestionOptions+CoreDataProperties.h"; path = "Model/Entities/QuestionOptions+CoreDataProperties.h"; sourceTree = "<group>"; };
		4A23A38F1BE5DA2A00620BD9 /* QuestionOptions+CoreDataProperties.m */ = {isa = PBXFileReference; fileEncoding = 4; lastKnownFileType = sourcecode.c.objc; name = "QuestionOptions+CoreDataProperties.m"; path = "Model/Entities/QuestionOptions+CoreDataProperties.m"; sourceTree = "<group>"; };
		4A23A3901BE5DA2A00620BD9 /* QuestionOptions.h */ = {isa = PBXFileReference; fileEncoding = 4; lastKnownFileType = sourcecode.c.h; name = QuestionOptions.h; path = Model/Entities/QuestionOptions.h; sourceTree = "<group>"; };
		4A23A3911BE5DA2A00620BD9 /* QuestionOptions.m */ = {isa = PBXFileReference; fileEncoding = 4; lastKnownFileType = sourcecode.c.objc; name = QuestionOptions.m; path = Model/Entities/QuestionOptions.m; sourceTree = "<group>"; };
		4A6E56011BDCB94800E72EBD /* ICSFloatLabeledTextFieldCell.h */ = {isa = PBXFileReference; fileEncoding = 4; lastKnownFileType = sourcecode.c.h; name = ICSFloatLabeledTextFieldCell.h; path = Cells/ICSFloatLabeledTextFieldCell.h; sourceTree = "<group>"; };
		4A6E56021BDCB94800E72EBD /* ICSFloatLabeledTextFieldCell.m */ = {isa = PBXFileReference; fileEncoding = 4; lastKnownFileType = sourcecode.c.objc; name = ICSFloatLabeledTextFieldCell.m; path = Cells/ICSFloatLabeledTextFieldCell.m; sourceTree = "<group>"; };
		4A71C4DA1BE628BF003C8BE9 /* Patient+CoreDataProperties.h */ = {isa = PBXFileReference; fileEncoding = 4; lastKnownFileType = sourcecode.c.h; name = "Patient+CoreDataProperties.h"; path = "Model/Entities/Patient+CoreDataProperties.h"; sourceTree = "<group>"; };
		4A71C4DB1BE628BF003C8BE9 /* Patient+CoreDataProperties.m */ = {isa = PBXFileReference; fileEncoding = 4; lastKnownFileType = sourcecode.c.objc; name = "Patient+CoreDataProperties.m"; path = "Model/Entities/Patient+CoreDataProperties.m"; sourceTree = "<group>"; };
		4A71C4E01BE62994003C8BE9 /* Patient.m */ = {isa = PBXFileReference; fileEncoding = 4; lastKnownFileType = sourcecode.c.objc; name = Patient.m; path = Model/Entities/Patient.m; sourceTree = "<group>"; };
		4A763D311BE68CFD00C71529 /* DoctorsListViewController.h */ = {isa = PBXFileReference; fileEncoding = 4; lastKnownFileType = sourcecode.c.h; path = DoctorsListViewController.h; sourceTree = "<group>"; };
		4A763D321BE68CFD00C71529 /* DoctorsListViewController.m */ = {isa = PBXFileReference; fileEncoding = 4; lastKnownFileType = sourcecode.c.objc; path = DoctorsListViewController.m; sourceTree = "<group>"; };
		4AA604C11BE53CD300E501D8 /* QuestionsJasonData.json */ = {isa = PBXFileReference; fileEncoding = 4; lastKnownFileType = text.json; path = QuestionsJasonData.json; sourceTree = "<group>"; };
		4AAF71161BE207AA00D9868F /* KeychainWrapper.h */ = {isa = PBXFileReference; fileEncoding = 4; lastKnownFileType = sourcecode.c.h; name = KeychainWrapper.h; path = KeychainWrapper/KeychainWrapper.h; sourceTree = "<group>"; };
		4AAF71171BE207AA00D9868F /* KeychainWrapper.m */ = {isa = PBXFileReference; fileEncoding = 4; lastKnownFileType = sourcecode.c.objc; name = KeychainWrapper.m; path = KeychainWrapper/KeychainWrapper.m; sourceTree = "<group>"; };
		4AAF711A1BE237B700D9868F /* ICSEntranceViewController.h */ = {isa = PBXFileReference; fileEncoding = 4; lastKnownFileType = sourcecode.c.h; name = ICSEntranceViewController.h; path = LoginRegister/ICSEntranceViewController.h; sourceTree = "<group>"; };
		4AAF711B1BE237B700D9868F /* ICSEntranceViewController.m */ = {isa = PBXFileReference; fileEncoding = 4; lastKnownFileType = sourcecode.c.objc; name = ICSEntranceViewController.m; path = LoginRegister/ICSEntranceViewController.m; sourceTree = "<group>"; };
		4AAF711D1BE28B1400D9868F /* UIView+ICSAdditions.h */ = {isa = PBXFileReference; fileEncoding = 4; lastKnownFileType = sourcecode.c.h; path = "UIView+ICSAdditions.h"; sourceTree = "<group>"; };
		4AAF711E1BE28B1400D9868F /* UIView+ICSAdditions.m */ = {isa = PBXFileReference; fileEncoding = 4; lastKnownFileType = sourcecode.c.objc; path = "UIView+ICSAdditions.m"; sourceTree = "<group>"; };
		4AC6E2D11BE0F5C6007D9F1D /* ICSMain.storyboard */ = {isa = PBXFileReference; fileEncoding = 4; lastKnownFileType = file.storyboard; path = ICSMain.storyboard; sourceTree = "<group>"; };
		4AC6E2E01BE140F3007D9F1D /* Main.storyboard */ = {isa = PBXFileReference; fileEncoding = 4; lastKnownFileType = file.storyboard; path = Main.storyboard; sourceTree = "<group>"; };
		4ACF7C701BDA371E00FFE3B3 /* RegisterVolunteerViewController.h */ = {isa = PBXFileReference; fileEncoding = 4; lastKnownFileType = sourcecode.c.h; name = RegisterVolunteerViewController.h; path = LoginRegister/RegisterVolunteerViewController.h; sourceTree = "<group>"; };
		4ACF7C711BDA371E00FFE3B3 /* RegisterVolunteerViewController.m */ = {isa = PBXFileReference; fileEncoding = 4; lastKnownFileType = sourcecode.c.objc; name = RegisterVolunteerViewController.m; path = LoginRegister/RegisterVolunteerViewController.m; sourceTree = "<group>"; };
		4AFB6ACD1BE4D413008AE13A /* PatientInformationViewController.h */ = {isa = PBXFileReference; fileEncoding = 4; lastKnownFileType = sourcecode.c.h; name = PatientInformationViewController.h; path = PatientPersonalInfo/PatientInformationViewController.h; sourceTree = "<group>"; };
		4AFB6ACE1BE4D413008AE13A /* PatientInformationViewController.m */ = {isa = PBXFileReference; fileEncoding = 4; lastKnownFileType = sourcecode.c.objc; name = PatientInformationViewController.m; path = PatientPersonalInfo/PatientInformationViewController.m; sourceTree = "<group>"; };
		793A7E32DFA657975E9804EB /* Pods.debug.xcconfig */ = {isa = PBXFileReference; includeInIndex = 1; lastKnownFileType = text.xcconfig; name = Pods.debug.xcconfig; path = "Pods/Target Support Files/Pods/Pods.debug.xcconfig"; sourceTree = "<group>"; };
		994084B95641F268B490CD7C /* libPods.a */ = {isa = PBXFileReference; explicitFileType = archive.ar; includeInIndex = 0; path = libPods.a; sourceTree = BUILT_PRODUCTS_DIR; };
		FA02CB5E1BC526C100421EAA /* PhotoViewController.h */ = {isa = PBXFileReference; fileEncoding = 4; lastKnownFileType = sourcecode.c.h; path = PhotoViewController.h; sourceTree = "<group>"; };
		FA02CB5F1BC526C100421EAA /* PhotoViewController.m */ = {isa = PBXFileReference; fileEncoding = 4; lastKnownFileType = sourcecode.c.objc; name = PhotoViewController.m; path = ICS/Controllers/PhotoViewController.m; sourceTree = SOURCE_ROOT; };
		FA02CB621BC52B6500421EAA /* PhotoCollectionViewCell.h */ = {isa = PBXFileReference; fileEncoding = 4; lastKnownFileType = sourcecode.c.h; name = PhotoCollectionViewCell.h; path = Cells/PhotoCollectionViewCell.h; sourceTree = "<group>"; };
		FA02CB631BC52B6500421EAA /* PhotoCollectionViewCell.m */ = {isa = PBXFileReference; fileEncoding = 4; lastKnownFileType = sourcecode.c.objc; name = PhotoCollectionViewCell.m; path = Cells/PhotoCollectionViewCell.m; sourceTree = "<group>"; };
		FA1ACCE91BD26D60001632BC /* SystemConfiguration.framework */ = {isa = PBXFileReference; lastKnownFileType = wrapper.framework; name = SystemConfiguration.framework; path = System/Library/Frameworks/SystemConfiguration.framework; sourceTree = SDKROOT; };
		FA1ACCEB1BD26D67001632BC /* MobileCoreServices.framework */ = {isa = PBXFileReference; lastKnownFileType = wrapper.framework; name = MobileCoreServices.framework; path = System/Library/Frameworks/MobileCoreServices.framework; sourceTree = SDKROOT; };
		FA1ACCEE1BD27064001632BC /* APIInterface.h */ = {isa = PBXFileReference; fileEncoding = 4; lastKnownFileType = sourcecode.c.h; name = APIInterface.h; path = Model/API/APIInterface.h; sourceTree = "<group>"; };
		FA1ACCEF1BD27064001632BC /* APIInterface.m */ = {isa = PBXFileReference; fileEncoding = 4; lastKnownFileType = sourcecode.c.objc; name = APIInterface.m; path = Model/API/APIInterface.m; sourceTree = "<group>"; };
		FA1ACCF41BD29F13001632BC /* ICSAPIError.h */ = {isa = PBXFileReference; fileEncoding = 4; lastKnownFileType = sourcecode.c.h; name = ICSAPIError.h; path = Model/API/ICSAPIError.h; sourceTree = "<group>"; };
		FA1ACCF51BD29F13001632BC /* ICSAPIError.m */ = {isa = PBXFileReference; fileEncoding = 4; lastKnownFileType = sourcecode.c.objc; name = ICSAPIError.m; path = Model/API/ICSAPIError.m; sourceTree = "<group>"; };
		FA1ACCF71BD2AEDC001632BC /* EventDetailTableViewCell.h */ = {isa = PBXFileReference; fileEncoding = 4; lastKnownFileType = sourcecode.c.h; name = EventDetailTableViewCell.h; path = Cells/EventDetailTableViewCell.h; sourceTree = "<group>"; };
		FA1ACCF81BD2AEDC001632BC /* EventDetailTableViewCell.m */ = {isa = PBXFileReference; fileEncoding = 4; lastKnownFileType = sourcecode.c.objc; name = EventDetailTableViewCell.m; path = Cells/EventDetailTableViewCell.m; sourceTree = "<group>"; };
		FA1ACCFB1BD2B12F001632BC /* ICSPatientsListViewController.h */ = {isa = PBXFileReference; fileEncoding = 4; lastKnownFileType = sourcecode.c.h; name = ICSPatientsListViewController.h; path = PatientsList/ICSPatientsListViewController.h; sourceTree = "<group>"; };
		FA1ACCFC1BD2B12F001632BC /* ICSPatientsListViewController.m */ = {isa = PBXFileReference; fileEncoding = 4; lastKnownFileType = sourcecode.c.objc; name = ICSPatientsListViewController.m; path = PatientsList/ICSPatientsListViewController.m; sourceTree = "<group>"; };
		FA1ACCFE1BD2B245001632BC /* PatientsDetailTableViewCell.h */ = {isa = PBXFileReference; fileEncoding = 4; lastKnownFileType = sourcecode.c.h; name = PatientsDetailTableViewCell.h; path = Cells/PatientsDetailTableViewCell.h; sourceTree = "<group>"; };
		FA1ACCFF1BD2B245001632BC /* PatientsDetailTableViewCell.m */ = {isa = PBXFileReference; fileEncoding = 4; lastKnownFileType = sourcecode.c.objc; name = PatientsDetailTableViewCell.m; path = Cells/PatientsDetailTableViewCell.m; sourceTree = "<group>"; };
		FA1ACD011BD2B34E001632BC /* DoctorInformationCell.m */ = {isa = PBXFileReference; fileEncoding = 4; lastKnownFileType = sourcecode.c.objc; name = DoctorInformationCell.m; path = Cells/DoctorInformationCell.m; sourceTree = "<group>"; };
		FA1ACD021BD2B34E001632BC /* ICSCustomRowDescriptor.m */ = {isa = PBXFileReference; fileEncoding = 4; lastKnownFileType = sourcecode.c.objc; name = ICSCustomRowDescriptor.m; path = Cells/ICSCustomRowDescriptor.m; sourceTree = "<group>"; };
		FA1ACD031BD2B34E001632BC /* ICSCustomRowDescriptor.h */ = {isa = PBXFileReference; fileEncoding = 4; lastKnownFileType = sourcecode.c.h; name = ICSCustomRowDescriptor.h; path = Cells/ICSCustomRowDescriptor.h; sourceTree = "<group>"; };
		FA1ACD041BD2B34E001632BC /* DoctorInformationCell.h */ = {isa = PBXFileReference; fileEncoding = 4; lastKnownFileType = sourcecode.c.h; name = DoctorInformationCell.h; path = Cells/DoctorInformationCell.h; sourceTree = "<group>"; };
		FA1ACD051BD2B34E001632BC /* CustomFormButtonCell.xib */ = {isa = PBXFileReference; fileEncoding = 4; lastKnownFileType = file.xib; name = CustomFormButtonCell.xib; path = Cells/CustomFormButtonCell.xib; sourceTree = "<group>"; };
		FA1ACD061BD2B34E001632BC /* CustomFormButtonCell.m */ = {isa = PBXFileReference; fileEncoding = 4; lastKnownFileType = sourcecode.c.objc; name = CustomFormButtonCell.m; path = Cells/CustomFormButtonCell.m; sourceTree = "<group>"; };
		FA1ACD071BD2B34E001632BC /* CustomFormButtonCell.h */ = {isa = PBXFileReference; fileEncoding = 4; lastKnownFileType = sourcecode.c.h; name = CustomFormButtonCell.h; path = Cells/CustomFormButtonCell.h; sourceTree = "<group>"; };
		FA1ACD081BD2B34E001632BC /* DoctorInformationCell.xib */ = {isa = PBXFileReference; fileEncoding = 4; lastKnownFileType = file.xib; name = DoctorInformationCell.xib; path = Cells/DoctorInformationCell.xib; sourceTree = "<group>"; };
		FA1ACD101BD2B3A0001632BC /* ICSDataSource.h */ = {isa = PBXFileReference; fileEncoding = 4; lastKnownFileType = sourcecode.c.h; name = ICSDataSource.h; path = Model/API/ICSDataSource.h; sourceTree = "<group>"; };
		FA1ACD111BD2B3A0001632BC /* ICSDataSource.m */ = {isa = PBXFileReference; fileEncoding = 4; lastKnownFileType = sourcecode.c.objc; name = ICSDataSource.m; path = Model/API/ICSDataSource.m; sourceTree = "<group>"; };
		FA1ACD141BD2B3AD001632BC /* ICSModel.xcdatamodel */ = {isa = PBXFileReference; lastKnownFileType = wrapper.xcdatamodel; path = ICSModel.xcdatamodel; sourceTree = "<group>"; };
		FA1ACD151BD2B3AD001632BC /* SharedModel.h */ = {isa = PBXFileReference; fileEncoding = 4; lastKnownFileType = sourcecode.c.h; name = SharedModel.h; path = Model/SharedModel.h; sourceTree = "<group>"; };
		FA1ACD161BD2B3AD001632BC /* SharedModel.m */ = {isa = PBXFileReference; fileEncoding = 4; lastKnownFileType = sourcecode.c.objc; name = SharedModel.m; path = Model/SharedModel.m; sourceTree = "<group>"; };
		FA1ACD191BD2B3BB001632BC /* RatingView.h */ = {isa = PBXFileReference; fileEncoding = 4; lastKnownFileType = sourcecode.c.h; name = RatingView.h; path = Views/RatingView.h; sourceTree = "<group>"; };
		FA1ACD1A1BD2B3BB001632BC /* RatingView.m */ = {isa = PBXFileReference; fileEncoding = 4; lastKnownFileType = sourcecode.c.objc; name = RatingView.m; path = Views/RatingView.m; sourceTree = "<group>"; };
		FA1ACD1C1BD2BF26001632BC /* Event+CoreDataProperties.h */ = {isa = PBXFileReference; fileEncoding = 4; lastKnownFileType = sourcecode.c.h; name = "Event+CoreDataProperties.h"; path = "Model/Entities/Event+CoreDataProperties.h"; sourceTree = "<group>"; };
		FA1ACD1D1BD2BF26001632BC /* Event+CoreDataProperties.m */ = {isa = PBXFileReference; fileEncoding = 4; lastKnownFileType = sourcecode.c.objc; name = "Event+CoreDataProperties.m"; path = "Model/Entities/Event+CoreDataProperties.m"; sourceTree = "<group>"; };
		FA55FE061BCE4463004BCD2F /* DiagnosisFormViewController.h */ = {isa = PBXFileReference; fileEncoding = 4; lastKnownFileType = sourcecode.c.h; path = DiagnosisFormViewController.h; sourceTree = "<group>"; };
		FA55FE071BCE4463004BCD2F /* DiagnosisFormViewController.m */ = {isa = PBXFileReference; fileEncoding = 4; lastKnownFileType = sourcecode.c.objc; path = DiagnosisFormViewController.m; sourceTree = "<group>"; };
		FA5853261BD7936D0037EEC5 /* RestKitAddition.h */ = {isa = PBXFileReference; fileEncoding = 4; lastKnownFileType = sourcecode.c.h; name = RestKitAddition.h; path = Model/API/RestKitAddition.h; sourceTree = "<group>"; };
		FA58532B1BD79FEF0037EEC5 /* Form+CoreDataProperties.h */ = {isa = PBXFileReference; fileEncoding = 4; lastKnownFileType = sourcecode.c.h; name = "Form+CoreDataProperties.h"; path = "Model/Entities/Form+CoreDataProperties.h"; sourceTree = "<group>"; };
		FA58532C1BD79FEF0037EEC5 /* Form+CoreDataProperties.m */ = {isa = PBXFileReference; fileEncoding = 4; lastKnownFileType = sourcecode.c.objc; name = "Form+CoreDataProperties.m"; path = "Model/Entities/Form+CoreDataProperties.m"; sourceTree = "<group>"; };
		FA58532D1BD79FEF0037EEC5 /* Form.h */ = {isa = PBXFileReference; fileEncoding = 4; lastKnownFileType = sourcecode.c.h; name = Form.h; path = Model/Entities/Form.h; sourceTree = "<group>"; };
		FA58532E1BD79FEF0037EEC5 /* Form.m */ = {isa = PBXFileReference; fileEncoding = 4; lastKnownFileType = sourcecode.c.objc; name = Form.m; path = Model/Entities/Form.m; sourceTree = "<group>"; };
		FA58532F1BD79FEF0037EEC5 /* Cancer+CoreDataProperties.h */ = {isa = PBXFileReference; fileEncoding = 4; lastKnownFileType = sourcecode.c.h; name = "Cancer+CoreDataProperties.h"; path = "Model/Entities/Cancer+CoreDataProperties.h"; sourceTree = "<group>"; };
		FA5853301BD79FEF0037EEC5 /* Cancer+CoreDataProperties.m */ = {isa = PBXFileReference; fileEncoding = 4; lastKnownFileType = sourcecode.c.objc; name = "Cancer+CoreDataProperties.m"; path = "Model/Entities/Cancer+CoreDataProperties.m"; sourceTree = "<group>"; };
		FA5853311BD79FEF0037EEC5 /* Cancer.h */ = {isa = PBXFileReference; fileEncoding = 4; lastKnownFileType = sourcecode.c.h; name = Cancer.h; path = Model/Entities/Cancer.h; sourceTree = "<group>"; };
		FA5853321BD79FEF0037EEC5 /* Cancer.m */ = {isa = PBXFileReference; fileEncoding = 4; lastKnownFileType = sourcecode.c.objc; name = Cancer.m; path = Model/Entities/Cancer.m; sourceTree = "<group>"; };
		FAA103F71BC64AEA00C6CEFC /* FullImageContainerView.h */ = {isa = PBXFileReference; fileEncoding = 4; lastKnownFileType = sourcecode.c.h; name = FullImageContainerView.h; path = Views/FullImageContainerView.h; sourceTree = "<group>"; };
		FAA103F81BC64AEA00C6CEFC /* FullImageContainerView.m */ = {isa = PBXFileReference; fileEncoding = 4; lastKnownFileType = sourcecode.c.objc; name = FullImageContainerView.m; path = Views/FullImageContainerView.m; sourceTree = "<group>"; };
		FAC9C94C1BD7BB14003FFA44 /* libPods-MBProgressHUD.a */ = {isa = PBXFileReference; lastKnownFileType = archive.ar; name = "libPods-MBProgressHUD.a"; path = "Pods/build/Debug-iphoneos/libPods-MBProgressHUD.a"; sourceTree = "<group>"; };
		FAD8E0811BD166D00010E975 /* ICSHomeViewController.h */ = {isa = PBXFileReference; fileEncoding = 4; lastKnownFileType = sourcecode.c.h; name = ICSHomeViewController.h; path = Home/ICSHomeViewController.h; sourceTree = "<group>"; };
		FAD8E0821BD166D00010E975 /* ICSHomeViewController.m */ = {isa = PBXFileReference; fileEncoding = 4; lastKnownFileType = sourcecode.c.objc; name = ICSHomeViewController.m; path = Home/ICSHomeViewController.m; sourceTree = "<group>"; };
		FAD8E08D1BD16B040010E975 /* Event.h */ = {isa = PBXFileReference; fileEncoding = 4; lastKnownFileType = sourcecode.c.h; name = Event.h; path = Model/Entities/Event.h; sourceTree = "<group>"; };
		FAD8E08E1BD16B040010E975 /* Event.m */ = {isa = PBXFileReference; fileEncoding = 4; lastKnownFileType = sourcecode.c.objc; name = Event.m; path = Model/Entities/Event.m; sourceTree = "<group>"; };
		FAD8E0911BD16C190010E975 /* Question+CoreDataProperties.h */ = {isa = PBXFileReference; fileEncoding = 4; lastKnownFileType = sourcecode.c.h; name = "Question+CoreDataProperties.h"; path = "Model/Entities/Question+CoreDataProperties.h"; sourceTree = "<group>"; };
		FAD8E0921BD16C190010E975 /* Question+CoreDataProperties.m */ = {isa = PBXFileReference; fileEncoding = 4; lastKnownFileType = sourcecode.c.objc; name = "Question+CoreDataProperties.m"; path = "Model/Entities/Question+CoreDataProperties.m"; sourceTree = "<group>"; };
		FAD8E0931BD16C190010E975 /* Question.h */ = {isa = PBXFileReference; fileEncoding = 4; lastKnownFileType = sourcecode.c.h; name = Question.h; path = Model/Entities/Question.h; sourceTree = "<group>"; };
		FAD8E0941BD16C190010E975 /* Question.m */ = {isa = PBXFileReference; fileEncoding = 4; lastKnownFileType = sourcecode.c.objc; name = Question.m; path = Model/Entities/Question.m; sourceTree = "<group>"; };
		FAD8E0971BD16DC20010E975 /* Doctor+CoreDataProperties.h */ = {isa = PBXFileReference; fileEncoding = 4; lastKnownFileType = sourcecode.c.h; name = "Doctor+CoreDataProperties.h"; path = "Model/Entities/Doctor+CoreDataProperties.h"; sourceTree = "<group>"; };
		FAD8E0981BD16DC20010E975 /* Doctor+CoreDataProperties.m */ = {isa = PBXFileReference; fileEncoding = 4; lastKnownFileType = sourcecode.c.objc; name = "Doctor+CoreDataProperties.m"; path = "Model/Entities/Doctor+CoreDataProperties.m"; sourceTree = "<group>"; };
		FAD8E0991BD16DC20010E975 /* Doctor.h */ = {isa = PBXFileReference; fileEncoding = 4; lastKnownFileType = sourcecode.c.h; name = Doctor.h; path = Model/Entities/Doctor.h; sourceTree = "<group>"; };
		FAD8E09A1BD16DC20010E975 /* Doctor.m */ = {isa = PBXFileReference; fileEncoding = 4; lastKnownFileType = sourcecode.c.objc; name = Doctor.m; path = Model/Entities/Doctor.m; sourceTree = "<group>"; };
		FAD8E09D1BD16DC20010E975 /* Patient.h */ = {isa = PBXFileReference; fileEncoding = 4; lastKnownFileType = sourcecode.c.h; name = Patient.h; path = Model/Entities/Patient.h; sourceTree = "<group>"; };
		FAECE1071BD2588D00A6BFED /* RestKit.xcodeproj */ = {isa = PBXFileReference; lastKnownFileType = "wrapper.pb-project"; name = RestKit.xcodeproj; path = ICS/RestKit/RestKit.xcodeproj; sourceTree = "<group>"; };
		FAECE1171BD259A400A6BFED /* CoreData.framework */ = {isa = PBXFileReference; lastKnownFileType = wrapper.framework; name = CoreData.framework; path = System/Library/Frameworks/CoreData.framework; sourceTree = SDKROOT; };
		FAECE1191BD259AA00A6BFED /* Security.framework */ = {isa = PBXFileReference; lastKnownFileType = wrapper.framework; name = Security.framework; path = System/Library/Frameworks/Security.framework; sourceTree = SDKROOT; };
		FAECE11B1BD259AF00A6BFED /* CFNetwork.framework */ = {isa = PBXFileReference; lastKnownFileType = wrapper.framework; name = CFNetwork.framework; path = System/Library/Frameworks/CFNetwork.framework; sourceTree = SDKROOT; };
		FAFAAEB01BC67FC90053E659 /* Constants.h */ = {isa = PBXFileReference; lastKnownFileType = sourcecode.c.h; path = Constants.h; sourceTree = "<group>"; };
		FAFAAEB51BC681A30053E659 /* ICS-Prefix.pch */ = {isa = PBXFileReference; fileEncoding = 4; lastKnownFileType = sourcecode.c.h; name = "ICS-Prefix.pch"; path = "ICS/Resources/ICS-Prefix.pch"; sourceTree = SOURCE_ROOT; };
		FAFAAEB61BC681A30053E659 /* Images.xcassets */ = {isa = PBXFileReference; lastKnownFileType = folder.assetcatalog; name = Images.xcassets; path = Resources/Images.xcassets; sourceTree = "<group>"; };
		FAFAAEBC1BC683210053E659 /* FullImageContainerView.xib */ = {isa = PBXFileReference; fileEncoding = 4; lastKnownFileType = file.xib; name = FullImageContainerView.xib; path = Views/FullImageContainerView.xib; sourceTree = "<group>"; };
		FAFFC9F31BDA20E6001DD25B /* LoginViewController.h */ = {isa = PBXFileReference; fileEncoding = 4; lastKnownFileType = sourcecode.c.h; name = LoginViewController.h; path = LoginRegister/LoginViewController.h; sourceTree = "<group>"; };
		FAFFC9F41BDA20E6001DD25B /* LoginViewController.m */ = {isa = PBXFileReference; fileEncoding = 4; lastKnownFileType = sourcecode.c.objc; name = LoginViewController.m; path = LoginRegister/LoginViewController.m; sourceTree = "<group>"; };
/* End PBXFileReference section */

/* Begin PBXFrameworksBuildPhase section */
		3EACD9C61BA9D053003E4540 /* Frameworks */ = {
			isa = PBXFrameworksBuildPhase;
			buildActionMask = 2147483647;
			files = (
				4A04605A1BDE2C57005BCA2C /* libPods-JVFloatLabeledTextField.a in Frameworks */,
				FAC9C94D1BD7BB14003FFA44 /* libPods-MBProgressHUD.a in Frameworks */,
				FA1ACCEC1BD26D67001632BC /* MobileCoreServices.framework in Frameworks */,
				FA1ACCEA1BD26D60001632BC /* SystemConfiguration.framework in Frameworks */,
				FAECE11C1BD259AF00A6BFED /* CFNetwork.framework in Frameworks */,
				FAECE11A1BD259AA00A6BFED /* Security.framework in Frameworks */,
				FAECE1181BD259A400A6BFED /* CoreData.framework in Frameworks */,
				FAECE1161BD258B300A6BFED /* libRestKit.a in Frameworks */,
				3EBFA33E1BDF530C005B6AF4 /* libz.tbd in Frameworks */,
				DDE48E7F0DAE62D7C1126C6C /* libPods.a in Frameworks */,
			);
			runOnlyForDeploymentPostprocessing = 0;
		};
		3EACD9DF1BA9D053003E4540 /* Frameworks */ = {
			isa = PBXFrameworksBuildPhase;
			buildActionMask = 2147483647;
			files = (
			);
			runOnlyForDeploymentPostprocessing = 0;
		};
/* End PBXFrameworksBuildPhase section */

/* Begin PBXGroup section */
		3E10E1C31BC448C4008B9296 /* Categories */ = {
			isa = PBXGroup;
			children = (
				3E10E1C41BC448C4008B9296 /* NSString+MD5.h */,
				3E10E1C51BC448C4008B9296 /* NSString+MD5.m */,
				4AAF711D1BE28B1400D9868F /* UIView+ICSAdditions.h */,
				4AAF711E1BE28B1400D9868F /* UIView+ICSAdditions.m */,
				4A07C9971BE3824500E1CB5F /* NSDate+ICSFormattedString.h */,
				4A07C9981BE3824500E1CB5F /* NSDate+ICSFormattedString.m */,
			);
			path = Categories;
			sourceTree = "<group>";
		};
		3E43FA391BC40EA70021AE81 /* Controllers */ = {
			isa = PBXGroup;
			children = (
				4AFB6ACD1BE4D413008AE13A /* PatientInformationViewController.h */,
				4AFB6ACE1BE4D413008AE13A /* PatientInformationViewController.m */,
				FAFFC9E81BDA1DD3001DD25B /* LoginRegister */,
				FA1ACCFA1BD2B0FC001632BC /* PatientsList */,
				FAD8E0801BD166950010E975 /* Home */,
				3E43FA561BC413880021AE81 /* Onboarding */,
				FA02CB5E1BC526C100421EAA /* PhotoViewController.h */,
				FA02CB5F1BC526C100421EAA /* PhotoViewController.m */,
				3EBFA32E1BDEB626005B6AF4 /* DiagnosePictureViewController.h */,
				3EBFA32F1BDEB626005B6AF4 /* DiagnosePictureViewController.m */,
				FA55FE061BCE4463004BCD2F /* DiagnosisFormViewController.h */,
				FA55FE071BCE4463004BCD2F /* DiagnosisFormViewController.m */,
				3E64A5791BDEA9160008FFD5 /* PatientRegistrationViewController.h */,
				3E64A57A1BDEA9160008FFD5 /* PatientRegistrationViewController.m */,
				3EBFA3411BDF53B3005B6AF4 /* ScanIDProofViewController.h */,
				3EBFA3421BDF53B3005B6AF4 /* ScanIDProofViewController.m */,
				4A763D311BE68CFD00C71529 /* DoctorsListViewController.h */,
				4A763D321BE68CFD00C71529 /* DoctorsListViewController.m */,
			);
			path = Controllers;
			sourceTree = "<group>";
		};
		3E43FA441BC40F6B0021AE81 /* Utilities */ = {
			isa = PBXGroup;
			children = (
				3E10E1C31BC448C4008B9296 /* Categories */,
				3E43FA4E1BC410630021AE81 /* ICSUtilities.h */,
				3E43FA4F1BC410630021AE81 /* ICSUtilities.m */,
				3E43FA471BC40F6B0021AE81 /* ICSStyleGuide.h */,
				3E43FA481BC40F6B0021AE81 /* ICSStyleGuide.m */,
				3E43FA4B1BC410340021AE81 /* ICSDataManager.h */,
				3E43FA4C1BC410340021AE81 /* ICSDataManager.m */,
			);
			path = Utilities;
			sourceTree = "<group>";
		};
		3E43FA511BC4108E0021AE81 /* ETs */ = {
			isa = PBXGroup;
			children = (
				3EBFA3461BDF576D005B6AF4 /* AVCam-iOS */,
				3E43FA521BC4108E0021AE81 /* Reachability */,
			);
			path = ETs;
			sourceTree = "<group>";
		};
		3E43FA521BC4108E0021AE81 /* Reachability */ = {
			isa = PBXGroup;
			children = (
				3E43FA531BC4108E0021AE81 /* Reachability.h */,
				3E43FA541BC4108E0021AE81 /* Reachability.m */,
			);
			path = Reachability;
			sourceTree = "<group>";
		};
		3E43FA561BC413880021AE81 /* Onboarding */ = {
			isa = PBXGroup;
			children = (
				3E64A5761BDEA67C0008FFD5 /* OnboardingViewController.h */,
				3E64A5771BDEA67C0008FFD5 /* OnboardingViewController.m */,
				3E43FA5A1BC413AD0021AE81 /* VolunteerSignUpViewController.h */,
				3E43FA5B1BC413AD0021AE81 /* VolunteerSignUpViewController.m */,
				3EBFA34D1BDF6DEC005B6AF4 /* WalkthroughViewController.h */,
				3EBFA34E1BDF6DEC005B6AF4 /* WalkthroughViewController.m */,
				3E61D82B1BE60FB1005A5B3C /* AllowAccessViewController.h */,
				3E61D82C1BE60FB1005A5B3C /* AllowAccessViewController.m */,
			);
			path = Onboarding;
			sourceTree = "<group>";
		};
		3EACD9C01BA9D053003E4540 = {
			isa = PBXGroup;
			children = (
				FAECE1071BD2588D00A6BFED /* RestKit.xcodeproj */,
				FAFAAEB01BC67FC90053E659 /* Constants.h */,
				3EACD9CB1BA9D053003E4540 /* ICS */,
				3EACD9E51BA9D053003E4540 /* ICSTests */,
				3EACD9CA1BA9D053003E4540 /* Products */,
				475C0DFE9D2973EBE5FD2B49 /* Pods */,
				ED88F5D689F13C356BA68E2E /* Frameworks */,
			);
			sourceTree = "<group>";
		};
		3EACD9CA1BA9D053003E4540 /* Products */ = {
			isa = PBXGroup;
			children = (
				3EACD9C91BA9D053003E4540 /* ICS.app */,
				3EACD9E21BA9D053003E4540 /* ICSTests.xctest */,
			);
			name = Products;
			sourceTree = "<group>";
		};
		3EACD9CB1BA9D053003E4540 /* ICS */ = {
			isa = PBXGroup;
			children = (
				4AAF71191BE207C900D9868F /* Helpers */,
				3EBFA33F1BDF5359005B6AF4 /* tessdata */,
				3EACD9D01BA9D053003E4540 /* AppDelegate.h */,
				3EACD9D11BA9D053003E4540 /* AppDelegate.m */,
				FAA103F61BC64AB800C6CEFC /* Views */,
				FA02CB651BC52E9000421EAA /* Model */,
				FA02CB611BC52B4100421EAA /* Cells */,
				3E43FA511BC4108E0021AE81 /* ETs */,
				3E43FA441BC40F6B0021AE81 /* Utilities */,
				3E43FA391BC40EA70021AE81 /* Controllers */,
				FAFAAEB31BC680FF0053E659 /* Resources */,
				3EACD9CC1BA9D053003E4540 /* Supporting Files */,
				4AA604C11BE53CD300E501D8 /* QuestionsJasonData.json */,
			);
			path = ICS;
			sourceTree = "<group>";
		};
		3EACD9CC1BA9D053003E4540 /* Supporting Files */ = {
			isa = PBXGroup;
			children = (
				3EACD9CD1BA9D053003E4540 /* Info.plist */,
				3EACD9CE1BA9D053003E4540 /* main.m */,
			);
			name = "Supporting Files";
			sourceTree = "<group>";
		};
		3EACD9E51BA9D053003E4540 /* ICSTests */ = {
			isa = PBXGroup;
			children = (
				3EACD9E81BA9D053003E4540 /* ICSTests.m */,
				3EACD9E61BA9D053003E4540 /* Supporting Files */,
			);
			path = ICSTests;
			sourceTree = "<group>";
		};
		3EACD9E61BA9D053003E4540 /* Supporting Files */ = {
			isa = PBXGroup;
			children = (
				3EACD9E71BA9D053003E4540 /* Info.plist */,
			);
			name = "Supporting Files";
			sourceTree = "<group>";
		};
		3EBFA3461BDF576D005B6AF4 /* AVCam-iOS */ = {
			isa = PBXGroup;
			children = (
				3EBFA3471BDF576D005B6AF4 /* AAPLCameraViewController.h */,
				3EBFA3481BDF576D005B6AF4 /* AAPLCameraViewController.m */,
				3EBFA3491BDF576D005B6AF4 /* AAPLPreviewView.h */,
				3EBFA34A1BDF576D005B6AF4 /* AAPLPreviewView.m */,
			);
			path = "AVCam-iOS";
			sourceTree = "<group>";
		};
		475C0DFE9D2973EBE5FD2B49 /* Pods */ = {
			isa = PBXGroup;
			children = (
				793A7E32DFA657975E9804EB /* Pods.debug.xcconfig */,
				3C4ED20F431993D569F26029 /* Pods.release.xcconfig */,
			);
			name = Pods;
			sourceTree = "<group>";
		};
		4AAF71191BE207C900D9868F /* Helpers */ = {
			isa = PBXGroup;
			children = (
				4AAF71161BE207AA00D9868F /* KeychainWrapper.h */,
				4AAF71171BE207AA00D9868F /* KeychainWrapper.m */,
			);
			name = Helpers;
			path = Utilities;
			sourceTree = "<group>";
		};
		ED88F5D689F13C356BA68E2E /* Frameworks */ = {
			isa = PBXGroup;
			children = (
				4A0460591BDE2C57005BCA2C /* libPods-JVFloatLabeledTextField.a */,
				FAC9C94C1BD7BB14003FFA44 /* libPods-MBProgressHUD.a */,
				FA1ACCEB1BD26D67001632BC /* MobileCoreServices.framework */,
				FA1ACCE91BD26D60001632BC /* SystemConfiguration.framework */,
				FAECE11B1BD259AF00A6BFED /* CFNetwork.framework */,
				FAECE1191BD259AA00A6BFED /* Security.framework */,
				FAECE1171BD259A400A6BFED /* CoreData.framework */,
				3EBFA33D1BDF530C005B6AF4 /* libz.tbd */,
				994084B95641F268B490CD7C /* libPods.a */,
			);
			name = Frameworks;
			sourceTree = "<group>";
		};
		FA02CB611BC52B4100421EAA /* Cells */ = {
			isa = PBXGroup;
			children = (
				FA1ACD021BD2B34E001632BC /* ICSCustomRowDescriptor.m */,
				FA1ACD031BD2B34E001632BC /* ICSCustomRowDescriptor.h */,
				FA1ACD041BD2B34E001632BC /* DoctorInformationCell.h */,
				FA1ACD011BD2B34E001632BC /* DoctorInformationCell.m */,
				FA1ACD081BD2B34E001632BC /* DoctorInformationCell.xib */,
				FA1ACD071BD2B34E001632BC /* CustomFormButtonCell.h */,
				FA1ACD061BD2B34E001632BC /* CustomFormButtonCell.m */,
				FA1ACD051BD2B34E001632BC /* CustomFormButtonCell.xib */,
				FA02CB621BC52B6500421EAA /* PhotoCollectionViewCell.h */,
				FA02CB631BC52B6500421EAA /* PhotoCollectionViewCell.m */,
				FA1ACCF71BD2AEDC001632BC /* EventDetailTableViewCell.h */,
				FA1ACCF81BD2AEDC001632BC /* EventDetailTableViewCell.m */,
				FA1ACCFE1BD2B245001632BC /* PatientsDetailTableViewCell.h */,
				FA1ACCFF1BD2B245001632BC /* PatientsDetailTableViewCell.m */,
				4A6E56011BDCB94800E72EBD /* ICSFloatLabeledTextFieldCell.h */,
				4A6E56021BDCB94800E72EBD /* ICSFloatLabeledTextFieldCell.m */,
			);
			name = Cells;
			sourceTree = "<group>";
		};
		FA02CB651BC52E9000421EAA /* Model */ = {
			isa = PBXGroup;
			children = (
				FA1ACD131BD2B3AD001632BC /* ICSModel.xcdatamodeld */,
				FA1ACD151BD2B3AD001632BC /* SharedModel.h */,
				FA1ACD161BD2B3AD001632BC /* SharedModel.m */,
				FA1ACCED1BD27032001632BC /* API */,
				FAD8E08A1BD16AF40010E975 /* Entities */,
				3EBFA3331BDEBD2B005B6AF4 /* DiagnosisPhoto.h */,
				3EBFA3341BDEBD2B005B6AF4 /* DiagnosisPhoto.m */,
			);
			name = Model;
			sourceTree = "<group>";
		};
		FA1ACCED1BD27032001632BC /* API */ = {
			isa = PBXGroup;
			children = (
				FA1ACD101BD2B3A0001632BC /* ICSDataSource.h */,
				FA1ACD111BD2B3A0001632BC /* ICSDataSource.m */,
				FA1ACCEE1BD27064001632BC /* APIInterface.h */,
				FA1ACCEF1BD27064001632BC /* APIInterface.m */,
				FA1ACCF41BD29F13001632BC /* ICSAPIError.h */,
				FA1ACCF51BD29F13001632BC /* ICSAPIError.m */,
				FA5853261BD7936D0037EEC5 /* RestKitAddition.h */,
			);
			name = API;
			sourceTree = "<group>";
		};
		FA1ACCFA1BD2B0FC001632BC /* PatientsList */ = {
			isa = PBXGroup;
			children = (
				FA1ACCFB1BD2B12F001632BC /* ICSPatientsListViewController.h */,
				FA1ACCFC1BD2B12F001632BC /* ICSPatientsListViewController.m */,
			);
			name = PatientsList;
			sourceTree = "<group>";
		};
		FAA103F61BC64AB800C6CEFC /* Views */ = {
			isa = PBXGroup;
			children = (
				FA1ACD191BD2B3BB001632BC /* RatingView.h */,
				FA1ACD1A1BD2B3BB001632BC /* RatingView.m */,
				FAFAAEBC1BC683210053E659 /* FullImageContainerView.xib */,
				FAA103F71BC64AEA00C6CEFC /* FullImageContainerView.h */,
				FAA103F81BC64AEA00C6CEFC /* FullImageContainerView.m */,
			);
			name = Views;
			sourceTree = "<group>";
		};
		FAD8E0801BD166950010E975 /* Home */ = {
			isa = PBXGroup;
			children = (
				FAD8E0811BD166D00010E975 /* ICSHomeViewController.h */,
				FAD8E0821BD166D00010E975 /* ICSHomeViewController.m */,
			);
			name = Home;
			sourceTree = "<group>";
		};
		FAD8E08A1BD16AF40010E975 /* Entities */ = {
			isa = PBXGroup;
			children = (
				4A71C4E01BE62994003C8BE9 /* Patient.m */,
				FAD8E09D1BD16DC20010E975 /* Patient.h */,
				4A71C4DA1BE628BF003C8BE9 /* Patient+CoreDataProperties.h */,
				4A71C4DB1BE628BF003C8BE9 /* Patient+CoreDataProperties.m */,
				4A23A38E1BE5DA2A00620BD9 /* QuestionOptions+CoreDataProperties.h */,
				4A23A38F1BE5DA2A00620BD9 /* QuestionOptions+CoreDataProperties.m */,
				4A23A3901BE5DA2A00620BD9 /* QuestionOptions.h */,
				4A23A3911BE5DA2A00620BD9 /* QuestionOptions.m */,
				4A04605B1BDE3DBE005BCA2C /* Volunteer+CoreDataProperties.h */,
				4A04605C1BDE3DBE005BCA2C /* Volunteer+CoreDataProperties.m */,
				4A04605D1BDE3DBE005BCA2C /* Volunteer.h */,
				4A04605E1BDE3DBE005BCA2C /* Volunteer.m */,
				FA58532B1BD79FEF0037EEC5 /* Form+CoreDataProperties.h */,
				FA58532C1BD79FEF0037EEC5 /* Form+CoreDataProperties.m */,
				FA58532D1BD79FEF0037EEC5 /* Form.h */,
				FA58532E1BD79FEF0037EEC5 /* Form.m */,
				FA58532F1BD79FEF0037EEC5 /* Cancer+CoreDataProperties.h */,
				FA5853301BD79FEF0037EEC5 /* Cancer+CoreDataProperties.m */,
				FA5853311BD79FEF0037EEC5 /* Cancer.h */,
				FA5853321BD79FEF0037EEC5 /* Cancer.m */,
				FAD8E0971BD16DC20010E975 /* Doctor+CoreDataProperties.h */,
				FAD8E0981BD16DC20010E975 /* Doctor+CoreDataProperties.m */,
				FAD8E0991BD16DC20010E975 /* Doctor.h */,
				FAD8E09A1BD16DC20010E975 /* Doctor.m */,
				FAD8E0911BD16C190010E975 /* Question+CoreDataProperties.h */,
				FAD8E0921BD16C190010E975 /* Question+CoreDataProperties.m */,
				FAD8E0931BD16C190010E975 /* Question.h */,
				FAD8E0941BD16C190010E975 /* Question.m */,
				FA1ACD1C1BD2BF26001632BC /* Event+CoreDataProperties.h */,
				FA1ACD1D1BD2BF26001632BC /* Event+CoreDataProperties.m */,
				FAD8E08D1BD16B040010E975 /* Event.h */,
				FAD8E08E1BD16B040010E975 /* Event.m */,
			);
			name = Entities;
			sourceTree = "<group>";
		};
		FAECE1081BD2588D00A6BFED /* Products */ = {
			isa = PBXGroup;
			children = (
				FAECE10F1BD2588D00A6BFED /* libRestKit.a */,
				FAECE1111BD2588D00A6BFED /* RestKitTests.octest */,
				FAECE1131BD2588D00A6BFED /* RestKit.framework */,
				FAECE1151BD2588D00A6BFED /* RestKitFrameworkTests.octest */,
			);
			name = Products;
			sourceTree = "<group>";
		};
		FAFAAEB31BC680FF0053E659 /* Resources */ = {
			isa = PBXGroup;
			children = (
				4AC6E2E01BE140F3007D9F1D /* Main.storyboard */,
				4AC6E2D11BE0F5C6007D9F1D /* ICSMain.storyboard */,
				FAFAAEB51BC681A30053E659 /* ICS-Prefix.pch */,
				FAFAAEB61BC681A30053E659 /* Images.xcassets */,
				3EACD9DB1BA9D053003E4540 /* LaunchScreen.xib */,
				4A0460611BDE9E32005BCA2C /* LoginSignUp.storyboard */,
			);
			name = Resources;
			sourceTree = "<group>";
		};
		FAFFC9E81BDA1DD3001DD25B /* LoginRegister */ = {
			isa = PBXGroup;
			children = (
				FAFFC9F31BDA20E6001DD25B /* LoginViewController.h */,
				FAFFC9F41BDA20E6001DD25B /* LoginViewController.m */,
				4ACF7C701BDA371E00FFE3B3 /* RegisterVolunteerViewController.h */,
				4ACF7C711BDA371E00FFE3B3 /* RegisterVolunteerViewController.m */,
				4AAF711A1BE237B700D9868F /* ICSEntranceViewController.h */,
				4AAF711B1BE237B700D9868F /* ICSEntranceViewController.m */,
			);
			name = LoginRegister;
			sourceTree = "<group>";
		};
/* End PBXGroup section */

/* Begin PBXNativeTarget section */
		3EACD9C81BA9D053003E4540 /* ICS */ = {
			isa = PBXNativeTarget;
			buildConfigurationList = 3EACD9EC1BA9D053003E4540 /* Build configuration list for PBXNativeTarget "ICS" */;
			buildPhases = (
				866239C001D04762F5F817A0 /* Check Pods Manifest.lock */,
				3EACD9C51BA9D053003E4540 /* Sources */,
				3EACD9C61BA9D053003E4540 /* Frameworks */,
				3EACD9C71BA9D053003E4540 /* Resources */,
				FB6BAF20BB35DA2335FC9DF4 /* Copy Pods Resources */,
				3E50B4311BA9D200005D7F21 /* ShellScript */,
				0169F6FCCBBEB97BEFFF1C20 /* Embed Pods Frameworks */,
			);
			buildRules = (
			);
			dependencies = (
			);
			name = ICS;
			productName = ICS;
			productReference = 3EACD9C91BA9D053003E4540 /* ICS.app */;
			productType = "com.apple.product-type.application";
		};
		3EACD9E11BA9D053003E4540 /* ICSTests */ = {
			isa = PBXNativeTarget;
			buildConfigurationList = 3EACD9EF1BA9D053003E4540 /* Build configuration list for PBXNativeTarget "ICSTests" */;
			buildPhases = (
				3EACD9DE1BA9D053003E4540 /* Sources */,
				3EACD9DF1BA9D053003E4540 /* Frameworks */,
				3EACD9E01BA9D053003E4540 /* Resources */,
			);
			buildRules = (
			);
			dependencies = (
				3EACD9E41BA9D053003E4540 /* PBXTargetDependency */,
			);
			name = ICSTests;
			productName = ICSTests;
			productReference = 3EACD9E21BA9D053003E4540 /* ICSTests.xctest */;
			productType = "com.apple.product-type.bundle.unit-test";
		};
/* End PBXNativeTarget section */

/* Begin PBXProject section */
		3EACD9C11BA9D053003E4540 /* Project object */ = {
			isa = PBXProject;
			attributes = {
				LastUpgradeCheck = 0700;
				ORGANIZATIONNAME = Meraki;
				TargetAttributes = {
					3EACD9C81BA9D053003E4540 = {
						CreatedOnToolsVersion = 6.4;
						DevelopmentTeam = GF6Z8EAEK2;
					};
					3EACD9E11BA9D053003E4540 = {
						CreatedOnToolsVersion = 6.4;
						TestTargetID = 3EACD9C81BA9D053003E4540;
					};
				};
			};
			buildConfigurationList = 3EACD9C41BA9D053003E4540 /* Build configuration list for PBXProject "ICS" */;
			compatibilityVersion = "Xcode 3.2";
			developmentRegion = English;
			hasScannedForEncodings = 0;
			knownRegions = (
				en,
				Base,
			);
			mainGroup = 3EACD9C01BA9D053003E4540;
			productRefGroup = 3EACD9CA1BA9D053003E4540 /* Products */;
			projectDirPath = "";
			projectReferences = (
				{
					ProductGroup = FAECE1081BD2588D00A6BFED /* Products */;
					ProjectRef = FAECE1071BD2588D00A6BFED /* RestKit.xcodeproj */;
				},
			);
			projectRoot = "";
			targets = (
				3EACD9C81BA9D053003E4540 /* ICS */,
				3EACD9E11BA9D053003E4540 /* ICSTests */,
			);
		};
/* End PBXProject section */

/* Begin PBXReferenceProxy section */
		FAECE10F1BD2588D00A6BFED /* libRestKit.a */ = {
			isa = PBXReferenceProxy;
			fileType = archive.ar;
			path = libRestKit.a;
			remoteRef = FAECE10E1BD2588D00A6BFED /* PBXContainerItemProxy */;
			sourceTree = BUILT_PRODUCTS_DIR;
		};
		FAECE1111BD2588D00A6BFED /* RestKitTests.octest */ = {
			isa = PBXReferenceProxy;
			fileType = wrapper.cfbundle;
			path = RestKitTests.octest;
			remoteRef = FAECE1101BD2588D00A6BFED /* PBXContainerItemProxy */;
			sourceTree = BUILT_PRODUCTS_DIR;
		};
		FAECE1131BD2588D00A6BFED /* RestKit.framework */ = {
			isa = PBXReferenceProxy;
			fileType = wrapper.framework;
			path = RestKit.framework;
			remoteRef = FAECE1121BD2588D00A6BFED /* PBXContainerItemProxy */;
			sourceTree = BUILT_PRODUCTS_DIR;
		};
		FAECE1151BD2588D00A6BFED /* RestKitFrameworkTests.octest */ = {
			isa = PBXReferenceProxy;
			fileType = wrapper.cfbundle;
			path = RestKitFrameworkTests.octest;
			remoteRef = FAECE1141BD2588D00A6BFED /* PBXContainerItemProxy */;
			sourceTree = BUILT_PRODUCTS_DIR;
		};
/* End PBXReferenceProxy section */

/* Begin PBXResourcesBuildPhase section */
		3EACD9C71BA9D053003E4540 /* Resources */ = {
			isa = PBXResourcesBuildPhase;
			buildActionMask = 2147483647;
			files = (
				FA1ACD0B1BD2B34E001632BC /* CustomFormButtonCell.xib in Resources */,
				4A0460631BDE9E32005BCA2C /* LoginSignUp.storyboard in Resources */,
				4AA604C21BE53CD300E501D8 /* QuestionsJasonData.json in Resources */,
				4AC6E2D31BE0F5C6007D9F1D /* ICSMain.storyboard in Resources */,
				4AC6E2E11BE140F3007D9F1D /* Main.storyboard in Resources */,
				FAFAAEB71BC681A30053E659 /* Images.xcassets in Resources */,
				3EBFA3401BDF5359005B6AF4 /* tessdata in Resources */,
				3EACD9DD1BA9D053003E4540 /* LaunchScreen.xib in Resources */,
				FAFAAEBD1BC683210053E659 /* FullImageContainerView.xib in Resources */,
			);
			runOnlyForDeploymentPostprocessing = 0;
		};
		3EACD9E01BA9D053003E4540 /* Resources */ = {
			isa = PBXResourcesBuildPhase;
			buildActionMask = 2147483647;
			files = (
			);
			runOnlyForDeploymentPostprocessing = 0;
		};
/* End PBXResourcesBuildPhase section */

/* Begin PBXShellScriptBuildPhase section */
		0169F6FCCBBEB97BEFFF1C20 /* Embed Pods Frameworks */ = {
			isa = PBXShellScriptBuildPhase;
			buildActionMask = 2147483647;
			files = (
			);
			inputPaths = (
			);
			name = "Embed Pods Frameworks";
			outputPaths = (
			);
			runOnlyForDeploymentPostprocessing = 0;
			shellPath = /bin/sh;
			shellScript = "";
			showEnvVarsInLog = 0;
		};
		3E50B4311BA9D200005D7F21 /* ShellScript */ = {
			isa = PBXShellScriptBuildPhase;
			buildActionMask = 2147483647;
			files = (
			);
			inputPaths = (
			);
			outputPaths = (
			);
			runOnlyForDeploymentPostprocessing = 0;
			shellPath = /bin/sh;
			shellScript = "";
		};
		866239C001D04762F5F817A0 /* Check Pods Manifest.lock */ = {
			isa = PBXShellScriptBuildPhase;
			buildActionMask = 2147483647;
			files = (
			);
			inputPaths = (
			);
			name = "Check Pods Manifest.lock";
			outputPaths = (
			);
			runOnlyForDeploymentPostprocessing = 0;
			shellPath = /bin/sh;
			shellScript = "diff \"${PODS_ROOT}/../Podfile.lock\" \"${PODS_ROOT}/Manifest.lock\" > /dev/null\nif [[ $? != 0 ]] ; then\n    cat << EOM\nerror: The sandbox is not in sync with the Podfile.lock. Run 'pod install' or update your CocoaPods installation.\nEOM\n    exit 1\nfi\n";
			showEnvVarsInLog = 0;
		};
		FB6BAF20BB35DA2335FC9DF4 /* Copy Pods Resources */ = {
			isa = PBXShellScriptBuildPhase;
			buildActionMask = 2147483647;
			files = (
			);
			inputPaths = (
			);
			name = "Copy Pods Resources";
			outputPaths = (
			);
			runOnlyForDeploymentPostprocessing = 0;
			shellPath = /bin/sh;
			shellScript = "\"${SRCROOT}/Pods/Target Support Files/Pods/Pods-resources.sh\"\n";
			showEnvVarsInLog = 0;
		};
/* End PBXShellScriptBuildPhase section */

/* Begin PBXSourcesBuildPhase section */
		3EACD9C51BA9D053003E4540 /* Sources */ = {
			isa = PBXSourcesBuildPhase;
			buildActionMask = 2147483647;
			files = (
				4A07C9991BE3824500E1CB5F /* NSDate+ICSFormattedString.m in Sources */,
				4A6E56031BDCB94800E72EBD /* ICSFloatLabeledTextFieldCell.m in Sources */,
				FA1ACCFD1BD2B12F001632BC /* ICSPatientsListViewController.m in Sources */,
				FAD8E09F1BD16DC20010E975 /* Doctor+CoreDataProperties.m in Sources */,
				FA55FE081BCE4463004BCD2F /* DiagnosisFormViewController.m in Sources */,
				FA1ACD1B1BD2B3BB001632BC /* RatingView.m in Sources */,
				4A04605F1BDE3DBE005BCA2C /* Volunteer+CoreDataProperties.m in Sources */,
				4A763D331BE68CFD00C71529 /* DoctorsListViewController.m in Sources */,
				FAD8E0831BD166D00010E975 /* ICSHomeViewController.m in Sources */,
				FAFFC9F51BDA20E6001DD25B /* LoginViewController.m in Sources */,
				4A71C4E11BE62994003C8BE9 /* Patient.m in Sources */,
				FA1ACD091BD2B34E001632BC /* DoctorInformationCell.m in Sources */,
				4AFB6ACF1BE4D413008AE13A /* PatientInformationViewController.m in Sources */,
				FA5853351BD79FEF0037EEC5 /* Cancer+CoreDataProperties.m in Sources */,
				3EBFA3301BDEB626005B6AF4 /* DiagnosePictureViewController.m in Sources */,
				3EBFA34F1BDF6DEC005B6AF4 /* WalkthroughViewController.m in Sources */,
				3E61D82D1BE60FB1005A5B3C /* AllowAccessViewController.m in Sources */,
				3EBFA3431BDF53B3005B6AF4 /* ScanIDProofViewController.m in Sources */,
				3EBFA34C1BDF576D005B6AF4 /* AAPLPreviewView.m in Sources */,
				3E10E1C61BC448C4008B9296 /* NSString+MD5.m in Sources */,
				FAA103F91BC64AEA00C6CEFC /* FullImageContainerView.m in Sources */,
				FA5853331BD79FEF0037EEC5 /* Form+CoreDataProperties.m in Sources */,
				FA1ACCF61BD29F13001632BC /* ICSAPIError.m in Sources */,
				4AAF711F1BE28B1400D9868F /* UIView+ICSAdditions.m in Sources */,
				FAD8E0951BD16C190010E975 /* Question+CoreDataProperties.m in Sources */,
				4AAF71181BE207AA00D9868F /* KeychainWrapper.m in Sources */,
				4A71C4DD1BE628BF003C8BE9 /* Patient+CoreDataProperties.m in Sources */,
				FA1ACD0C1BD2B34E001632BC /* CustomFormButtonCell.m in Sources */,
				FAD8E0961BD16C190010E975 /* Question.m in Sources */,
				3E43FA4D1BC410340021AE81 /* ICSDataManager.m in Sources */,
				FA1ACD001BD2B245001632BC /* PatientsDetailTableViewCell.m in Sources */,
				3E43FA551BC4108E0021AE81 /* Reachability.m in Sources */,
				FA1ACD0A1BD2B34E001632BC /* ICSCustomRowDescriptor.m in Sources */,
				4ACF7C721BDA371E00FFE3B3 /* RegisterVolunteerViewController.m in Sources */,
				FA5853361BD79FEF0037EEC5 /* Cancer.m in Sources */,
				FA1ACD121BD2B3A0001632BC /* ICSDataSource.m in Sources */,
				3E43FA4A1BC40F6B0021AE81 /* ICSStyleGuide.m in Sources */,
				FA1ACD181BD2B3AD001632BC /* SharedModel.m in Sources */,
				FA1ACD1E1BD2BF26001632BC /* Event+CoreDataProperties.m in Sources */,
				4A23A3941BE5DA2A00620BD9 /* QuestionOptions+CoreDataProperties.m in Sources */,
				FAD8E0A01BD16DC20010E975 /* Doctor.m in Sources */,
				3EACD9D21BA9D053003E4540 /* AppDelegate.m in Sources */,
				3E43FA5C1BC413AD0021AE81 /* VolunteerSignUpViewController.m in Sources */,
				FAD8E0901BD16B040010E975 /* Event.m in Sources */,
				3E64A5781BDEA67C0008FFD5 /* OnboardingViewController.m in Sources */,
				3EBFA3351BDEBD2B005B6AF4 /* DiagnosisPhoto.m in Sources */,
				3E43FA501BC410630021AE81 /* ICSUtilities.m in Sources */,
				FA1ACCF91BD2AEDC001632BC /* EventDetailTableViewCell.m in Sources */,
				4A0460601BDE3DBE005BCA2C /* Volunteer.m in Sources */,
				4AAF711C1BE237B700D9868F /* ICSEntranceViewController.m in Sources */,
				4A23A3951BE5DA2A00620BD9 /* QuestionOptions.m in Sources */,
				FA1ACCF01BD27064001632BC /* APIInterface.m in Sources */,
				FA02CB601BC526C100421EAA /* PhotoViewController.m in Sources */,
				3EACD9CF1BA9D053003E4540 /* main.m in Sources */,
				FA1ACD171BD2B3AD001632BC /* ICSModel.xcdatamodeld in Sources */,
				FA5853341BD79FEF0037EEC5 /* Form.m in Sources */,
				3E64A57B1BDEA9160008FFD5 /* PatientRegistrationViewController.m in Sources */,
				3EBFA34B1BDF576D005B6AF4 /* AAPLCameraViewController.m in Sources */,
			);
			runOnlyForDeploymentPostprocessing = 0;
		};
		3EACD9DE1BA9D053003E4540 /* Sources */ = {
			isa = PBXSourcesBuildPhase;
			buildActionMask = 2147483647;
			files = (
				3EACD9E91BA9D053003E4540 /* ICSTests.m in Sources */,
			);
			runOnlyForDeploymentPostprocessing = 0;
		};
/* End PBXSourcesBuildPhase section */

/* Begin PBXTargetDependency section */
		3EACD9E41BA9D053003E4540 /* PBXTargetDependency */ = {
			isa = PBXTargetDependency;
			target = 3EACD9C81BA9D053003E4540 /* ICS */;
			targetProxy = 3EACD9E31BA9D053003E4540 /* PBXContainerItemProxy */;
		};
/* End PBXTargetDependency section */

/* Begin PBXVariantGroup section */
		3EACD9DB1BA9D053003E4540 /* LaunchScreen.xib */ = {
			isa = PBXVariantGroup;
			children = (
				3EACD9DC1BA9D053003E4540 /* Base */,
			);
			name = LaunchScreen.xib;
			sourceTree = "<group>";
		};
		4A0460611BDE9E32005BCA2C /* LoginSignUp.storyboard */ = {
			isa = PBXVariantGroup;
			children = (
				4A0460621BDE9E32005BCA2C /* Base */,
			);
			name = LoginSignUp.storyboard;
			sourceTree = "<group>";
		};
/* End PBXVariantGroup section */

/* Begin XCBuildConfiguration section */
		3EACD9EA1BA9D053003E4540 /* Debug */ = {
			isa = XCBuildConfiguration;
			buildSettings = {
				ALWAYS_SEARCH_USER_PATHS = NO;
				CLANG_CXX_LANGUAGE_STANDARD = "gnu++0x";
				CLANG_CXX_LIBRARY = "libc++";
				CLANG_ENABLE_MODULES = YES;
				CLANG_ENABLE_OBJC_ARC = YES;
				CLANG_WARN_BOOL_CONVERSION = YES;
				CLANG_WARN_CONSTANT_CONVERSION = YES;
				CLANG_WARN_DIRECT_OBJC_ISA_USAGE = YES_ERROR;
				CLANG_WARN_EMPTY_BODY = YES;
				CLANG_WARN_ENUM_CONVERSION = YES;
				CLANG_WARN_INT_CONVERSION = YES;
				CLANG_WARN_OBJC_ROOT_CLASS = YES_ERROR;
				CLANG_WARN_UNREACHABLE_CODE = YES;
				CLANG_WARN__DUPLICATE_METHOD_MATCH = YES;
				"CODE_SIGN_IDENTITY[sdk=iphoneos*]" = "iPhone Developer";
				COPY_PHASE_STRIP = NO;
				DEBUG_INFORMATION_FORMAT = "dwarf-with-dsym";
				ENABLE_BITCODE = NO;
				ENABLE_STRICT_OBJC_MSGSEND = YES;
				ENABLE_TESTABILITY = YES;
				GCC_C_LANGUAGE_STANDARD = gnu99;
				GCC_DYNAMIC_NO_PIC = NO;
				GCC_NO_COMMON_BLOCKS = YES;
				GCC_OPTIMIZATION_LEVEL = 0;
				GCC_PREFIX_HEADER = "ICS/Resources/ICS-Prefix.pch";
				GCC_PREPROCESSOR_DEFINITIONS = (
					"DEBUG=1",
					"$(inherited)",
				);
				GCC_SYMBOLS_PRIVATE_EXTERN = NO;
				GCC_WARN_64_TO_32_BIT_CONVERSION = YES;
				GCC_WARN_ABOUT_RETURN_TYPE = YES_ERROR;
				GCC_WARN_UNDECLARED_SELECTOR = YES;
				GCC_WARN_UNINITIALIZED_AUTOS = YES_AGGRESSIVE;
				GCC_WARN_UNUSED_FUNCTION = YES;
				GCC_WARN_UNUSED_VARIABLE = YES;
				IPHONEOS_DEPLOYMENT_TARGET = 8.0;
				MTL_ENABLE_DEBUG_INFO = YES;
				ONLY_ACTIVE_ARCH = YES;
				SDKROOT = iphoneos;
			};
			name = Debug;
		};
		3EACD9EB1BA9D053003E4540 /* Release */ = {
			isa = XCBuildConfiguration;
			buildSettings = {
				ALWAYS_SEARCH_USER_PATHS = NO;
				CLANG_CXX_LANGUAGE_STANDARD = "gnu++0x";
				CLANG_CXX_LIBRARY = "libc++";
				CLANG_ENABLE_MODULES = YES;
				CLANG_ENABLE_OBJC_ARC = YES;
				CLANG_WARN_BOOL_CONVERSION = YES;
				CLANG_WARN_CONSTANT_CONVERSION = YES;
				CLANG_WARN_DIRECT_OBJC_ISA_USAGE = YES_ERROR;
				CLANG_WARN_EMPTY_BODY = YES;
				CLANG_WARN_ENUM_CONVERSION = YES;
				CLANG_WARN_INT_CONVERSION = YES;
				CLANG_WARN_OBJC_ROOT_CLASS = YES_ERROR;
				CLANG_WARN_UNREACHABLE_CODE = YES;
				CLANG_WARN__DUPLICATE_METHOD_MATCH = YES;
				"CODE_SIGN_IDENTITY[sdk=iphoneos*]" = "iPhone Developer";
				COPY_PHASE_STRIP = NO;
				DEBUG_INFORMATION_FORMAT = "dwarf-with-dsym";
				ENABLE_BITCODE = NO;
				ENABLE_NS_ASSERTIONS = NO;
				ENABLE_STRICT_OBJC_MSGSEND = YES;
				GCC_C_LANGUAGE_STANDARD = gnu99;
				GCC_NO_COMMON_BLOCKS = YES;
				GCC_PREFIX_HEADER = "ICS/Resources/ICS-Prefix.pch";
				GCC_WARN_64_TO_32_BIT_CONVERSION = YES;
				GCC_WARN_ABOUT_RETURN_TYPE = YES_ERROR;
				GCC_WARN_UNDECLARED_SELECTOR = YES;
				GCC_WARN_UNINITIALIZED_AUTOS = YES_AGGRESSIVE;
				GCC_WARN_UNUSED_FUNCTION = YES;
				GCC_WARN_UNUSED_VARIABLE = YES;
				IPHONEOS_DEPLOYMENT_TARGET = 8.0;
				MTL_ENABLE_DEBUG_INFO = NO;
				SDKROOT = iphoneos;
				VALIDATE_PRODUCT = YES;
			};
			name = Release;
		};
		3EACD9ED1BA9D053003E4540 /* Debug */ = {
			isa = XCBuildConfiguration;
			baseConfigurationReference = 793A7E32DFA657975E9804EB /* Pods.debug.xcconfig */;
			buildSettings = {
				ASSETCATALOG_COMPILER_APPICON_NAME = AppIcon;
				CODE_SIGN_IDENTITY = "iPhone Developer";
				"CODE_SIGN_IDENTITY[sdk=iphoneos*]" = "iPhone Developer";
				FRAMEWORK_SEARCH_PATHS = (
					"\"$(PODS_ROOT)/Crashlytics\"",
					"\"$(PODS_ROOT)/Digits\"",
					"\"$(PODS_ROOT)/Fabric\"",
					"\"$(PODS_ROOT)/TwitterCore\"",
					"$(inherited)",
				);
				HEADER_SEARCH_PATHS = (
					"\"$(BUILT_PRODUCTS_DIR)/Headers\"/**",
					"$(PROJECT_DIR)/RestKit/Build/Products/$(CONFIGURATION)$(EFFECTIVE_PLATFORM_NAME)/Headers/**",
					"$(PROJECT_DIR)/**",
					"\"${PODS_ROOT}/Headers/Public\"",
					"\"${PODS_ROOT}/Headers/Public/Crashlytics\"",
					"\"${PODS_ROOT}/Headers/Public/Digits\"",
					"\"${PODS_ROOT}/Headers/Public/Fabric\"",
					"\"${PODS_ROOT}/Headers/Public/TwitterCore\"",
					"\"${PODS_ROOT}/Headers/Public/XLForm\"",
					"\"${PODS_ROOT}/Headers/Public/TesseractOCRiOS”  $(inherited)",
				);
				INFOPLIST_FILE = ICS/Info.plist;
				LD_RUNPATH_SEARCH_PATHS = "$(inherited) @executable_path/Frameworks";
				LIBRARY_SEARCH_PATHS = (
					"$(inherited)",
					"\"${PODS_ROOT}/TesseractOCRiOS/TesseractOCR/lib” $(inherited) \"${PODS_ROOT}/TesseractOCRiOS/TesseractOCR/lib”",
				);
				OTHER_LDFLAGS = (
					"$(inherited)",
					"-ObjC",
					"-l\"Pods-TesseractOCRiOS\"",
					"-l\"Pods-DZNEmptyDataSet\"",
					"-l\"Pods-Crashlytics\"",
					"-l\"Pods-Digits\"",
					"-l\"Pods-Fabric\"",
					"-l\"Pods-TwitterCore\"",
					"-l\"Pods-XLForm\"",
					"-l\"c++\"",
					"-l\"z\"",
					"-framework",
					"\"Accounts\"",
					"-framework",
					"\"AddressBook\"",
					"-framework",
					"\"CoreData\"",
					"-framework",
					"\"CoreGraphics\"",
					"-framework",
					"\"Crashlytics\"",
					"-framework",
					"\"DigitsKit\"",
					"-framework",
					"\"Fabric\"",
					"-framework",
					"\"Foundation\"",
					"-framework",
					"\"MobileCoreServices\"",
					"-framework",
					"\"Security\"",
					"-framework",
					"\"Social\"",
					"-framework",
					"\"SystemConfiguration\"",
					"-framework",
					"\"TwitterCore\"",
					"-framework",
					"\"UIKit\"",
					"-all_load",
					"-weak_library",
					"/usr/lib/libstdc++.6.0.9.dylib",
					"-l\"lept\"",
					"-l\"stdc++\"",
					"-l\"tesseract_all\"",
				);
				PRODUCT_BUNDLE_IDENTIFIER = "GHCI-CSPR.$(PRODUCT_NAME:rfc1034identifier)";
				PRODUCT_NAME = "$(TARGET_NAME)";
				PROVISIONING_PROFILE = "";
			};
			name = Debug;
		};
		3EACD9EE1BA9D053003E4540 /* Release */ = {
			isa = XCBuildConfiguration;
			baseConfigurationReference = 3C4ED20F431993D569F26029 /* Pods.release.xcconfig */;
			buildSettings = {
				ASSETCATALOG_COMPILER_APPICON_NAME = AppIcon;
				CODE_SIGN_IDENTITY = "iPhone Developer";
				"CODE_SIGN_IDENTITY[sdk=iphoneos*]" = "iPhone Developer";
				FRAMEWORK_SEARCH_PATHS = (
					"\"$(PODS_ROOT)/Crashlytics\"",
					"\"$(PODS_ROOT)/Digits\"",
					"\"$(PODS_ROOT)/Fabric\"",
					"\"$(PODS_ROOT)/TwitterCore\"",
					"$(inherited)",
				);
				HEADER_SEARCH_PATHS = (
					"\"$(BUILT_PRODUCTS_DIR)/Headers\"/**",
					"$(PROJECT_DIR)/RestKit/Build/Products/$(CONFIGURATION)$(EFFECTIVE_PLATFORM_NAME)/Headers/**",
					"$(PROJECT_DIR)/**",
					"\"${PODS_ROOT}/Headers/Public\"",
					"\"${PODS_ROOT}/Headers/Public/Crashlytics\"",
					"\"${PODS_ROOT}/Headers/Public/Digits\"",
					"\"${PODS_ROOT}/Headers/Public/Fabric\"",
					"\"${PODS_ROOT}/Headers/Public/TwitterCore\"",
					"\"${PODS_ROOT}/Headers/Public/XLForm\"",
					"\"${PODS_ROOT}/Headers/Public/TesseractOCRiOS”  $(inherited)",
				);
				INFOPLIST_FILE = ICS/Info.plist;
				LD_RUNPATH_SEARCH_PATHS = "$(inherited) @executable_path/Frameworks";
				LIBRARY_SEARCH_PATHS = (
					"$(inherited)",
					"\"${PODS_ROOT}/TesseractOCRiOS/TesseractOCR/lib” $(inherited) \"${PODS_ROOT}/TesseractOCRiOS/TesseractOCR/lib”",
				);
				OTHER_LDFLAGS = (
					"$(inherited)",
					"-ObjC",
					"-l\"Pods-TesseractOCRiOS\"",
					"-l\"Pods-DZNEmptyDataSet\"",
					"-l\"Pods-Crashlytics\"",
					"-l\"Pods-Digits\"",
					"-l\"Pods-Fabric\"",
					"-l\"Pods-TwitterCore\"",
					"-l\"Pods-XLForm\"",
					"-l\"c++\"",
					"-l\"z\"",
					"-framework",
					"\"Accounts\"",
					"-framework",
					"\"AddressBook\"",
					"-framework",
					"\"CoreData\"",
					"-framework",
					"\"CoreGraphics\"",
					"-framework",
					"\"Crashlytics\"",
					"-framework",
					"\"DigitsKit\"",
					"-framework",
					"\"Fabric\"",
					"-framework",
					"\"Foundation\"",
					"-framework",
					"\"MobileCoreServices\"",
					"-framework",
					"\"Security\"",
					"-framework",
					"\"Social\"",
					"-framework",
					"\"SystemConfiguration\"",
					"-framework",
					"\"TwitterCore\"",
					"-framework",
					"\"UIKit\"",
					"-all_load",
					"-weak_library",
					"/usr/lib/libstdc++.6.0.9.dylib",
					"-l\"lept\"",
					"-l\"stdc++\"",
					"-l\"tesseract_all\"",
				);
				PRODUCT_BUNDLE_IDENTIFIER = "GHCI-CSPR.$(PRODUCT_NAME:rfc1034identifier)";
				PRODUCT_NAME = "$(TARGET_NAME)";
				PROVISIONING_PROFILE = "";
			};
			name = Release;
		};
		3EACD9F01BA9D053003E4540 /* Debug */ = {
			isa = XCBuildConfiguration;
			buildSettings = {
				BUNDLE_LOADER = "$(TEST_HOST)";
				FRAMEWORK_SEARCH_PATHS = (
					"$(SDKROOT)/Developer/Library/Frameworks",
					"$(inherited)",
				);
				GCC_PREPROCESSOR_DEFINITIONS = (
					"DEBUG=1",
					"$(inherited)",
				);
				INFOPLIST_FILE = ICSTests/Info.plist;
				LD_RUNPATH_SEARCH_PATHS = "$(inherited) @executable_path/Frameworks @loader_path/Frameworks";
				PRODUCT_BUNDLE_IDENTIFIER = "GHCI-CSPR.$(PRODUCT_NAME:rfc1034identifier)";
				PRODUCT_NAME = "$(TARGET_NAME)";
				TEST_HOST = "$(BUILT_PRODUCTS_DIR)/ICS.app/ICS";
			};
			name = Debug;
		};
		3EACD9F11BA9D053003E4540 /* Release */ = {
			isa = XCBuildConfiguration;
			buildSettings = {
				BUNDLE_LOADER = "$(TEST_HOST)";
				FRAMEWORK_SEARCH_PATHS = (
					"$(SDKROOT)/Developer/Library/Frameworks",
					"$(inherited)",
				);
				INFOPLIST_FILE = ICSTests/Info.plist;
				LD_RUNPATH_SEARCH_PATHS = "$(inherited) @executable_path/Frameworks @loader_path/Frameworks";
				PRODUCT_BUNDLE_IDENTIFIER = "GHCI-CSPR.$(PRODUCT_NAME:rfc1034identifier)";
				PRODUCT_NAME = "$(TARGET_NAME)";
				TEST_HOST = "$(BUILT_PRODUCTS_DIR)/ICS.app/ICS";
			};
			name = Release;
		};
/* End XCBuildConfiguration section */

/* Begin XCConfigurationList section */
		3EACD9C41BA9D053003E4540 /* Build configuration list for PBXProject "ICS" */ = {
			isa = XCConfigurationList;
			buildConfigurations = (
				3EACD9EA1BA9D053003E4540 /* Debug */,
				3EACD9EB1BA9D053003E4540 /* Release */,
			);
			defaultConfigurationIsVisible = 0;
			defaultConfigurationName = Release;
		};
		3EACD9EC1BA9D053003E4540 /* Build configuration list for PBXNativeTarget "ICS" */ = {
			isa = XCConfigurationList;
			buildConfigurations = (
				3EACD9ED1BA9D053003E4540 /* Debug */,
				3EACD9EE1BA9D053003E4540 /* Release */,
			);
			defaultConfigurationIsVisible = 0;
			defaultConfigurationName = Release;
		};
		3EACD9EF1BA9D053003E4540 /* Build configuration list for PBXNativeTarget "ICSTests" */ = {
			isa = XCConfigurationList;
			buildConfigurations = (
				3EACD9F01BA9D053003E4540 /* Debug */,
				3EACD9F11BA9D053003E4540 /* Release */,
			);
			defaultConfigurationIsVisible = 0;
			defaultConfigurationName = Release;
		};
/* End XCConfigurationList section */

/* Begin XCVersionGroup section */
		FA1ACD131BD2B3AD001632BC /* ICSModel.xcdatamodeld */ = {
			isa = XCVersionGroup;
			children = (
				FA1ACD141BD2B3AD001632BC /* ICSModel.xcdatamodel */,
			);
			currentVersion = FA1ACD141BD2B3AD001632BC /* ICSModel.xcdatamodel */;
			name = ICSModel.xcdatamodeld;
			path = Model/ICSModel.xcdatamodeld;
			sourceTree = "<group>";
			versionGroupType = wrapper.xcdatamodel;
		};
/* End XCVersionGroup section */
	};
	rootObject = 3EACD9C11BA9D053003E4540 /* Project object */;
}
