PODS:
  - AFNetworking (2.6.0):
    - AFNetworking/NSURLConnection (= 2.6.0)
    - AFNetworking/NSURLSession (= 2.6.0)
    - AFNetworking/Reachability (= 2.6.0)
    - AFNetworking/Security (= 2.6.0)
    - AFNetworking/Serialization (= 2.6.0)
    - AFNetworking/UIKit (= 2.6.0)
  - AFNetworking/NSURLConnection (2.6.0):
    - AFNetworking/Reachability
    - AFNetworking/Security
    - AFNetworking/Serialization
  - AFNetworking/NSURLSession (2.6.0):
    - AFNetworking/Reachability
    - AFNetworking/Security
    - AFNetworking/Serialization
  - AFNetworking/Reachability (2.6.0)
  - AFNetworking/Security (2.6.0)
  - AFNetworking/Serialization (2.6.0)
  - AFNetworking/UIKit (2.6.0):
    - AFNetworking/NSURLConnection
    - AFNetworking/NSURLSession
  - Crashlytics (3.3.1)
  - Digits (1.10.1)
  - Fabric (1.5.1):
    - Fabric/Base (= 1.5.1)
  - Fabric/Base (1.5.1)
  - IQKeyboardManager (3.3.2)
  - TwitterCore (1.10.1)

DEPENDENCIES:
  - AFNetworking (~> 2.0)
  - Crashlytics
  - Digits
  - Fabric
  - IQKeyboardManager
  - TwitterCore

SPEC CHECKSUMS:
  AFNetworking: 79f7eb1a0fcfa7beb409332b2ca49afe9ce53b05
  Crashlytics: 0e61bdda9def51f1e99720f804eebe94865442b2
  Digits: 8e4434813586758cf348b40291b36c5317fe9d2c
  Fabric: 03c3b3fe77e11a2bc31421b989a9c7adaa4779a5
  IQKeyboardManager: d863eb0bca424d1f6dad6bdd1f856af52664add8
  TwitterCore: 632e809318be9ea2b6f38cc21611033367681adc

COCOAPODS: 0.38.2
